// !$*UTF8*$!
{
	archiveVersion = 1;
	classes = {
	};
	objectVersion = 56;
	objects = {

/* Begin PBXBuildFile section */
		080E78952A39F74B0013B163 /* FaceidView.swift in Sources */ = {isa = PBXBuildFile; fileRef = 080E78942A39F74B0013B163 /* FaceidView.swift */; };
		080E78992A3A049F0013B163 /* ContentView.swift in Sources */ = {isa = PBXBuildFile; fileRef = 080E78982A3A049F0013B163 /* ContentView.swift */; };
		08DE8BC72A44A6EA00BF5E5A /* ImageCustom.swift in Sources */ = {isa = PBXBuildFile; fileRef = 08DE8BC62A44A6EA00BF5E5A /* ImageCustom.swift */; };
		08DE8BCB2A4536B400BF5E5A /* SplashScreenView.swift in Sources */ = {isa = PBXBuildFile; fileRef = 08DE8BCA2A4536B400BF5E5A /* SplashScreenView.swift */; };
		08DE8BCE2A45389D00BF5E5A /* Lottie in Frameworks */ = {isa = PBXBuildFile; productRef = 08DE8BCD2A45389D00BF5E5A /* Lottie */; };
		08DE8BD22A45399100BF5E5A /* LottieView.swift in Sources */ = {isa = PBXBuildFile; fileRef = 08DE8BD12A45399100BF5E5A /* LottieView.swift */; };
		451F73FF2A40D4DB0025CEC2 /* ContentView.swift in Sources */ = {isa = PBXBuildFile; fileRef = F378ED522A2F765D00FE9584 /* ContentView.swift */; };
		451F74002A40D54A0025CEC2 /* InputFieldsCollection.swift in Sources */ = {isa = PBXBuildFile; fileRef = F378ED882A3A003B00FE9584 /* InputFieldsCollection.swift */; };
		451F74012A40D5690025CEC2 /* TextFieldCustom.swift in Sources */ = {isa = PBXBuildFile; fileRef = F378ED822A39E65500FE9584 /* TextFieldCustom.swift */; };
		451F74022A40D5730025CEC2 /* TextFieldStyleCustom.swift in Sources */ = {isa = PBXBuildFile; fileRef = F378ED7E2A37620700FE9584 /* TextFieldStyleCustom.swift */; };
		454A47D42A3CA0EE00C28341 /* MapaView.swift in Sources */ = {isa = PBXBuildFile; fileRef = 454A47D32A3CA0EE00C28341 /* MapaView.swift */; };
		454A47D62A3CA12800C28341 /* LocationDataManager.swift in Sources */ = {isa = PBXBuildFile; fileRef = 454A47D52A3CA12800C28341 /* LocationDataManager.swift */; };
		454A47D82A3CA16A00C28341 /* Double+IsAlmostEqual.swift in Sources */ = {isa = PBXBuildFile; fileRef = 454A47D72A3CA16A00C28341 /* Double+IsAlmostEqual.swift */; };
		454A47DA2A3CA19600C28341 /* PlaceListViewModel.swift in Sources */ = {isa = PBXBuildFile; fileRef = 454A47D92A3CA19600C28341 /* PlaceListViewModel.swift */; };
		454A47DC2A3CA1B100C28341 /* PlacesList.swift in Sources */ = {isa = PBXBuildFile; fileRef = 454A47DB2A3CA1B100C28341 /* PlacesList.swift */; };
		4584BBF02A41D3F9008B443F /* LocationDataManager.swift in Sources */ = {isa = PBXBuildFile; fileRef = 454A47D52A3CA12800C28341 /* LocationDataManager.swift */; };
		4584BBF12A41D402008B443F /* PlaceListViewModel.swift in Sources */ = {isa = PBXBuildFile; fileRef = 454A47D92A3CA19600C28341 /* PlaceListViewModel.swift */; };
		4584BBF22A41D42C008B443F /* Double+IsAlmostEqual.swift in Sources */ = {isa = PBXBuildFile; fileRef = 454A47D72A3CA16A00C28341 /* Double+IsAlmostEqual.swift */; };
		4584BBF32A41DD03008B443F /* PlacesList.swift in Sources */ = {isa = PBXBuildFile; fileRef = 454A47DB2A3CA1B100C28341 /* PlacesList.swift */; };
		F335C4C72A45D45000BE19BD /* NextSenseButton.swift in Sources */ = {isa = PBXBuildFile; fileRef = F335C4C62A45D45000BE19BD /* NextSenseButton.swift */; };
		F33BEA502DF326B0004822B0 /* Localizable.xcstrings in Resources */ = {isa = PBXBuildFile; fileRef = F33BEA4F2DF326B0004822B0 /* Localizable.xcstrings */; };
		F33BEA512DF326B0004822B0 /* Localizable.xcstrings in Resources */ = {isa = PBXBuildFile; fileRef = F33BEA4F2DF326B0004822B0 /* Localizable.xcstrings */; };
		F33D67172A3FE7AA0090F7C2 /* SenseView.swift in Sources */ = {isa = PBXBuildFile; fileRef = F33D67162A3FE7AA0090F7C2 /* SenseView.swift */; };
		F33D671B2A3FF3C40090F7C2 /* SenseView.swift in Sources */ = {isa = PBXBuildFile; fileRef = F33D671A2A3FF3C40090F7C2 /* SenseView.swift */; };
		F33D67332A40B5B60090F7C2 /* HomeView.swift in Sources */ = {isa = PBXBuildFile; fileRef = F33D67322A40B5B60090F7C2 /* HomeView.swift */; };
		F33D673A2A40BDA70090F7C2 /* ColorSenses.swift in Sources */ = {isa = PBXBuildFile; fileRef = F33D67392A40BDA70090F7C2 /* ColorSenses.swift */; };
		F36219B32A450C8A003802B7 /* ImageCustom.swift in Sources */ = {isa = PBXBuildFile; fileRef = F36219B22A450C8A003802B7 /* ImageCustom.swift */; };
		F378ECBD2A2F713200FE9584 /* FiveSenses_iOSApp.swift in Sources */ = {isa = PBXBuildFile; fileRef = F378ECBC2A2F713200FE9584 /* FiveSenses_iOSApp.swift */; };
		F378ECC12A2F713300FE9584 /* Assets.xcassets in Resources */ = {isa = PBXBuildFile; fileRef = F378ECC02A2F713300FE9584 /* Assets.xcassets */; };
		F378ECC42A2F713300FE9584 /* Preview Assets.xcassets in Resources */ = {isa = PBXBuildFile; fileRef = F378ECC32A2F713300FE9584 /* Preview Assets.xcassets */; };
		F378ECCE2A2F713300FE9584 /* FiveSenses_iOSTests.swift in Sources */ = {isa = PBXBuildFile; fileRef = F378ECCD2A2F713300FE9584 /* FiveSenses_iOSTests.swift */; };
		F378ED4C2A2F765D00FE9584 /* FiveSenses-WatchOS Watch App.app in Embed Watch Content */ = {isa = PBXBuildFile; fileRef = F378ED4B2A2F765D00FE9584 /* FiveSenses-WatchOS Watch App.app */; settings = {ATTRIBUTES = (RemoveHeadersOnCopy, ); }; };
		F378ED512A2F765D00FE9584 /* FiveSenses_WatchOSApp.swift in Sources */ = {isa = PBXBuildFile; fileRef = F378ED502A2F765D00FE9584 /* FiveSenses_WatchOSApp.swift */; };
		F378ED552A2F765D00FE9584 /* Assets.xcassets in Resources */ = {isa = PBXBuildFile; fileRef = F378ED542A2F765D00FE9584 /* Assets.xcassets */; };
		F378ED582A2F765D00FE9584 /* Preview Assets.xcassets in Resources */ = {isa = PBXBuildFile; fileRef = F378ED572A2F765D00FE9584 /* Preview Assets.xcassets */; };
		F378ED622A2F765E00FE9584 /* FiveSenses_WatchOS_Watch_AppTests.swift in Sources */ = {isa = PBXBuildFile; fileRef = F378ED612A2F765E00FE9584 /* FiveSenses_WatchOS_Watch_AppTests.swift */; };
		F378ED7F2A37620700FE9584 /* TextFieldStyleCustom.swift in Sources */ = {isa = PBXBuildFile; fileRef = F378ED7E2A37620700FE9584 /* TextFieldStyleCustom.swift */; };
		F378ED832A39E65500FE9584 /* TextFieldCustom.swift in Sources */ = {isa = PBXBuildFile; fileRef = F378ED822A39E65500FE9584 /* TextFieldCustom.swift */; };
		F378ED852A39F4D000FE9584 /* ButtonCustom.swift in Sources */ = {isa = PBXBuildFile; fileRef = F378ED842A39F4D000FE9584 /* ButtonCustom.swift */; };
		F378ED872A39FFD200FE9584 /* HeaderSenseView.swift in Sources */ = {isa = PBXBuildFile; fileRef = F378ED862A39FFD200FE9584 /* HeaderSenseView.swift */; };
		F378ED892A3A003B00FE9584 /* InputFieldsCollection.swift in Sources */ = {isa = PBXBuildFile; fileRef = F378ED882A3A003B00FE9584 /* InputFieldsCollection.swift */; };
		F378ED8C2A3A5F8700FE9584 /* BarProgressStyle.swift in Sources */ = {isa = PBXBuildFile; fileRef = F378ED8B2A3A5F8700FE9584 /* BarProgressStyle.swift */; };
		F378ED8F2A3A768D00FE9584 /* SenseOptions.swift in Sources */ = {isa = PBXBuildFile; fileRef = F378ED8E2A3A768D00FE9584 /* SenseOptions.swift */; };
		F378ED902A3B405B00FE9584 /* ButtonCustom.swift in Sources */ = {isa = PBXBuildFile; fileRef = F378ED842A39F4D000FE9584 /* ButtonCustom.swift */; };
		F378ED942A3B516600FE9584 /* Sense.swift in Sources */ = {isa = PBXBuildFile; fileRef = F378ED932A3B516600FE9584 /* Sense.swift */; };
		F378ED952A3B518700FE9584 /* Sense.swift in Sources */ = {isa = PBXBuildFile; fileRef = F378ED932A3B516600FE9584 /* Sense.swift */; };
		F378ED962A3B518F00FE9584 /* SenseOptions.swift in Sources */ = {isa = PBXBuildFile; fileRef = F378ED8E2A3A768D00FE9584 /* SenseOptions.swift */; };
		F378ED972A3B51AA00FE9584 /* BarProgressStyle.swift in Sources */ = {isa = PBXBuildFile; fileRef = F378ED8B2A3A5F8700FE9584 /* BarProgressStyle.swift */; };
		F37A893A2A4121E200667784 /* OnboardingItemView.swift in Sources */ = {isa = PBXBuildFile; fileRef = F37A89392A4121E200667784 /* OnboardingItemView.swift */; };
		F37A893C2A41220B00667784 /* OnboardingItem.swift in Sources */ = {isa = PBXBuildFile; fileRef = F37A893B2A41220B00667784 /* OnboardingItem.swift */; };
		F37A893E2A41256B00667784 /* Onboarding.swift in Sources */ = {isa = PBXBuildFile; fileRef = F37A893D2A41256B00667784 /* Onboarding.swift */; };
/* End PBXBuildFile section */

/* Begin PBXContainerItemProxy section */
		F378ECCA2A2F713300FE9584 /* PBXContainerItemProxy */ = {
			isa = PBXContainerItemProxy;
			containerPortal = F378ECAF2A2F710700FE9584 /* Project object */;
			proxyType = 1;
			remoteGlobalIDString = F378ECB82A2F713200FE9584;
			remoteInfo = "FiveSenses-iOS";
		};
		F378ECD42A2F713300FE9584 /* PBXContainerItemProxy */ = {
			isa = PBXContainerItemProxy;
			containerPortal = F378ECAF2A2F710700FE9584 /* Project object */;
			proxyType = 1;
			remoteGlobalIDString = F378ECB82A2F713200FE9584;
			remoteInfo = "FiveSenses-iOS";
		};
		F378ED4D2A2F765D00FE9584 /* PBXContainerItemProxy */ = {
			isa = PBXContainerItemProxy;
			containerPortal = F378ECAF2A2F710700FE9584 /* Project object */;
			proxyType = 1;
			remoteGlobalIDString = F378ED4A2A2F765D00FE9584;
			remoteInfo = "FiveSenses-WatchOS Watch App";
		};
		F378ED5E2A2F765E00FE9584 /* PBXContainerItemProxy */ = {
			isa = PBXContainerItemProxy;
			containerPortal = F378ECAF2A2F710700FE9584 /* Project object */;
			proxyType = 1;
			remoteGlobalIDString = F378ED4A2A2F765D00FE9584;
			remoteInfo = "FiveSenses-WatchOS Watch App";
		};
		F378ED682A2F765E00FE9584 /* PBXContainerItemProxy */ = {
			isa = PBXContainerItemProxy;
			containerPortal = F378ECAF2A2F710700FE9584 /* Project object */;
			proxyType = 1;
			remoteGlobalIDString = F378ED4A2A2F765D00FE9584;
			remoteInfo = "FiveSenses-WatchOS Watch App";
		};
/* End PBXContainerItemProxy section */

/* Begin PBXCopyFilesBuildPhase section */
		F378ED722A2F765E00FE9584 /* Embed Watch Content */ = {
			isa = PBXCopyFilesBuildPhase;
			buildActionMask = 2147483647;
			dstPath = "$(CONTENTS_FOLDER_PATH)/Watch";
			dstSubfolderSpec = 16;
			files = (
				F378ED4C2A2F765D00FE9584 /* FiveSenses-WatchOS Watch App.app in Embed Watch Content */,
			);
			name = "Embed Watch Content";
			runOnlyForDeploymentPostprocessing = 0;
		};
/* End PBXCopyFilesBuildPhase section */

/* Begin PBXFileReference section */
		080E78942A39F74B0013B163 /* FaceidView.swift */ = {isa = PBXFileReference; lastKnownFileType = sourcecode.swift; path = FaceidView.swift; sourceTree = "<group>"; };
		080E78982A3A049F0013B163 /* ContentView.swift */ = {isa = PBXFileReference; lastKnownFileType = sourcecode.swift; path = ContentView.swift; sourceTree = "<group>"; };
		08DE8BC62A44A6EA00BF5E5A /* ImageCustom.swift */ = {isa = PBXFileReference; lastKnownFileType = sourcecode.swift; path = ImageCustom.swift; sourceTree = "<group>"; };
		08DE8BCA2A4536B400BF5E5A /* SplashScreenView.swift */ = {isa = PBXFileReference; lastKnownFileType = sourcecode.swift; path = SplashScreenView.swift; sourceTree = "<group>"; };
		08DE8BD12A45399100BF5E5A /* LottieView.swift */ = {isa = PBXFileReference; lastKnownFileType = sourcecode.swift; path = LottieView.swift; sourceTree = "<group>"; };
		454A47D32A3CA0EE00C28341 /* MapaView.swift */ = {isa = PBXFileReference; lastKnownFileType = sourcecode.swift; path = MapaView.swift; sourceTree = "<group>"; };
		454A47D52A3CA12800C28341 /* LocationDataManager.swift */ = {isa = PBXFileReference; lastKnownFileType = sourcecode.swift; path = LocationDataManager.swift; sourceTree = "<group>"; };
		454A47D72A3CA16A00C28341 /* Double+IsAlmostEqual.swift */ = {isa = PBXFileReference; lastKnownFileType = sourcecode.swift; path = "Double+IsAlmostEqual.swift"; sourceTree = "<group>"; };
		454A47D92A3CA19600C28341 /* PlaceListViewModel.swift */ = {isa = PBXFileReference; lastKnownFileType = sourcecode.swift; path = PlaceListViewModel.swift; sourceTree = "<group>"; };
		454A47DB2A3CA1B100C28341 /* PlacesList.swift */ = {isa = PBXFileReference; lastKnownFileType = sourcecode.swift; path = PlacesList.swift; sourceTree = "<group>"; };
		454A47DD2A3CA2BA00C28341 /* FiveSenses-iOS.entitlements */ = {isa = PBXFileReference; lastKnownFileType = text.plist.entitlements; path = "FiveSenses-iOS.entitlements"; sourceTree = "<group>"; };
		F335C4C62A45D45000BE19BD /* NextSenseButton.swift */ = {isa = PBXFileReference; lastKnownFileType = sourcecode.swift; path = NextSenseButton.swift; sourceTree = "<group>"; };
		F33BEA4F2DF326B0004822B0 /* Localizable.xcstrings */ = {isa = PBXFileReference; lastKnownFileType = text.json.xcstrings; path = Localizable.xcstrings; sourceTree = "<group>"; };
		F33D67162A3FE7AA0090F7C2 /* SenseView.swift */ = {isa = PBXFileReference; lastKnownFileType = sourcecode.swift; path = SenseView.swift; sourceTree = "<group>"; };
		F33D671A2A3FF3C40090F7C2 /* SenseView.swift */ = {isa = PBXFileReference; lastKnownFileType = sourcecode.swift; path = SenseView.swift; sourceTree = "<group>"; };
		F33D67322A40B5B60090F7C2 /* HomeView.swift */ = {isa = PBXFileReference; lastKnownFileType = sourcecode.swift; name = HomeView.swift; path = "FiveSenses-iOS/View/HomeView.swift"; sourceTree = SOURCE_ROOT; };
		F33D67392A40BDA70090F7C2 /* ColorSenses.swift */ = {isa = PBXFileReference; lastKnownFileType = sourcecode.swift; path = ColorSenses.swift; sourceTree = "<group>"; };
		F36219B12A450929003802B7 /* FiveSenses-WatchOS_Watch_App.entitlements */ = {isa = PBXFileReference; fileEncoding = 4; lastKnownFileType = text.plist.entitlements; path = "FiveSenses-WatchOS_Watch_App.entitlements"; sourceTree = "<group>"; };
		F36219B22A450C8A003802B7 /* ImageCustom.swift */ = {isa = PBXFileReference; lastKnownFileType = sourcecode.swift; path = ImageCustom.swift; sourceTree = "<group>"; };
		F378ECB92A2F713200FE9584 /* FiveSenses-iOS.app */ = {isa = PBXFileReference; explicitFileType = wrapper.application; includeInIndex = 0; path = "FiveSenses-iOS.app"; sourceTree = BUILT_PRODUCTS_DIR; };
		F378ECBC2A2F713200FE9584 /* FiveSenses_iOSApp.swift */ = {isa = PBXFileReference; lastKnownFileType = sourcecode.swift; path = FiveSenses_iOSApp.swift; sourceTree = "<group>"; };
		F378ECC02A2F713300FE9584 /* Assets.xcassets */ = {isa = PBXFileReference; lastKnownFileType = folder.assetcatalog; path = Assets.xcassets; sourceTree = "<group>"; };
		F378ECC32A2F713300FE9584 /* Preview Assets.xcassets */ = {isa = PBXFileReference; lastKnownFileType = folder.assetcatalog; path = "Preview Assets.xcassets"; sourceTree = "<group>"; };
		F378ECC92A2F713300FE9584 /* FiveSenses-iOSTests.xctest */ = {isa = PBXFileReference; explicitFileType = wrapper.cfbundle; includeInIndex = 0; path = "FiveSenses-iOSTests.xctest"; sourceTree = BUILT_PRODUCTS_DIR; };
		F378ECCD2A2F713300FE9584 /* FiveSenses_iOSTests.swift */ = {isa = PBXFileReference; lastKnownFileType = sourcecode.swift; path = FiveSenses_iOSTests.swift; sourceTree = "<group>"; };
		F378ECD32A2F713300FE9584 /* FiveSenses-iOSUITests.xctest */ = {isa = PBXFileReference; explicitFileType = wrapper.cfbundle; includeInIndex = 0; path = "FiveSenses-iOSUITests.xctest"; sourceTree = BUILT_PRODUCTS_DIR; };
		F378ED462A2F765D00FE9584 /* FiveSenses-WatchOS.app */ = {isa = PBXFileReference; explicitFileType = wrapper.application; includeInIndex = 0; path = "FiveSenses-WatchOS.app"; sourceTree = BUILT_PRODUCTS_DIR; };
		F378ED4B2A2F765D00FE9584 /* FiveSenses-WatchOS Watch App.app */ = {isa = PBXFileReference; explicitFileType = wrapper.application; includeInIndex = 0; path = "FiveSenses-WatchOS Watch App.app"; sourceTree = BUILT_PRODUCTS_DIR; };
		F378ED502A2F765D00FE9584 /* FiveSenses_WatchOSApp.swift */ = {isa = PBXFileReference; lastKnownFileType = sourcecode.swift; path = FiveSenses_WatchOSApp.swift; sourceTree = "<group>"; };
		F378ED522A2F765D00FE9584 /* ContentView.swift */ = {isa = PBXFileReference; lastKnownFileType = sourcecode.swift; path = ContentView.swift; sourceTree = "<group>"; };
		F378ED542A2F765D00FE9584 /* Assets.xcassets */ = {isa = PBXFileReference; lastKnownFileType = folder.assetcatalog; path = Assets.xcassets; sourceTree = "<group>"; };
		F378ED572A2F765D00FE9584 /* Preview Assets.xcassets */ = {isa = PBXFileReference; lastKnownFileType = folder.assetcatalog; path = "Preview Assets.xcassets"; sourceTree = "<group>"; };
		F378ED5D2A2F765E00FE9584 /* FiveSenses-WatchOS Watch AppTests.xctest */ = {isa = PBXFileReference; explicitFileType = wrapper.cfbundle; includeInIndex = 0; path = "FiveSenses-WatchOS Watch AppTests.xctest"; sourceTree = BUILT_PRODUCTS_DIR; };
		F378ED612A2F765E00FE9584 /* FiveSenses_WatchOS_Watch_AppTests.swift */ = {isa = PBXFileReference; lastKnownFileType = sourcecode.swift; path = FiveSenses_WatchOS_Watch_AppTests.swift; sourceTree = "<group>"; };
		F378ED672A2F765E00FE9584 /* FiveSenses-WatchOS Watch AppUITests.xctest */ = {isa = PBXFileReference; explicitFileType = wrapper.cfbundle; includeInIndex = 0; path = "FiveSenses-WatchOS Watch AppUITests.xctest"; sourceTree = BUILT_PRODUCTS_DIR; };
		F378ED7E2A37620700FE9584 /* TextFieldStyleCustom.swift */ = {isa = PBXFileReference; lastKnownFileType = sourcecode.swift; path = TextFieldStyleCustom.swift; sourceTree = "<group>"; };
		F378ED822A39E65500FE9584 /* TextFieldCustom.swift */ = {isa = PBXFileReference; lastKnownFileType = sourcecode.swift; path = TextFieldCustom.swift; sourceTree = "<group>"; };
		F378ED842A39F4D000FE9584 /* ButtonCustom.swift */ = {isa = PBXFileReference; lastKnownFileType = sourcecode.swift; path = ButtonCustom.swift; sourceTree = "<group>"; };
		F378ED862A39FFD200FE9584 /* HeaderSenseView.swift */ = {isa = PBXFileReference; lastKnownFileType = sourcecode.swift; path = HeaderSenseView.swift; sourceTree = "<group>"; };
		F378ED882A3A003B00FE9584 /* InputFieldsCollection.swift */ = {isa = PBXFileReference; lastKnownFileType = sourcecode.swift; path = InputFieldsCollection.swift; sourceTree = "<group>"; };
		F378ED8B2A3A5F8700FE9584 /* BarProgressStyle.swift */ = {isa = PBXFileReference; lastKnownFileType = sourcecode.swift; path = BarProgressStyle.swift; sourceTree = "<group>"; };
		F378ED8E2A3A768D00FE9584 /* SenseOptions.swift */ = {isa = PBXFileReference; lastKnownFileType = sourcecode.swift; path = SenseOptions.swift; sourceTree = "<group>"; };
		F378ED932A3B516600FE9584 /* Sense.swift */ = {isa = PBXFileReference; lastKnownFileType = sourcecode.swift; path = Sense.swift; sourceTree = "<group>"; };
		F37A89392A4121E200667784 /* OnboardingItemView.swift */ = {isa = PBXFileReference; lastKnownFileType = sourcecode.swift; path = OnboardingItemView.swift; sourceTree = "<group>"; };
		F37A893B2A41220B00667784 /* OnboardingItem.swift */ = {isa = PBXFileReference; lastKnownFileType = sourcecode.swift; path = OnboardingItem.swift; sourceTree = "<group>"; };
		F37A893D2A41256B00667784 /* Onboarding.swift */ = {isa = PBXFileReference; lastKnownFileType = sourcecode.swift; path = Onboarding.swift; sourceTree = "<group>"; };
/* End PBXFileReference section */

/* Begin PBXFrameworksBuildPhase section */
		F378ECB62A2F713200FE9584 /* Frameworks */ = {
			isa = PBXFrameworksBuildPhase;
			buildActionMask = 2147483647;
			files = (
				08DE8BCE2A45389D00BF5E5A /* Lottie in Frameworks */,
			);
			runOnlyForDeploymentPostprocessing = 0;
		};
		F378ECC62A2F713300FE9584 /* Frameworks */ = {
			isa = PBXFrameworksBuildPhase;
			buildActionMask = 2147483647;
			files = (
			);
			runOnlyForDeploymentPostprocessing = 0;
		};
		F378ECD02A2F713300FE9584 /* Frameworks */ = {
			isa = PBXFrameworksBuildPhase;
			buildActionMask = 2147483647;
			files = (
			);
			runOnlyForDeploymentPostprocessing = 0;
		};
		F378ED482A2F765D00FE9584 /* Frameworks */ = {
			isa = PBXFrameworksBuildPhase;
			buildActionMask = 2147483647;
			files = (
			);
			runOnlyForDeploymentPostprocessing = 0;
		};
		F378ED5A2A2F765E00FE9584 /* Frameworks */ = {
			isa = PBXFrameworksBuildPhase;
			buildActionMask = 2147483647;
			files = (
			);
			runOnlyForDeploymentPostprocessing = 0;
		};
		F378ED642A2F765E00FE9584 /* Frameworks */ = {
			isa = PBXFrameworksBuildPhase;
			buildActionMask = 2147483647;
			files = (
			);
			runOnlyForDeploymentPostprocessing = 0;
		};
/* End PBXFrameworksBuildPhase section */

/* Begin PBXGroup section */
		080E78932A39F6D10013B163 /* FaceID */ = {
			isa = PBXGroup;
			children = (
				080E78942A39F74B0013B163 /* FaceidView.swift */,
			);
			path = FaceID;
			sourceTree = "<group>";
		};
		080E789D2A3CA0D90013B163 /* Onboarding */ = {
			isa = PBXGroup;
			children = (
				F37A89392A4121E200667784 /* OnboardingItemView.swift */,
				F37A893B2A41220B00667784 /* OnboardingItem.swift */,
				F37A893D2A41256B00667784 /* Onboarding.swift */,
			);
			path = Onboarding;
			sourceTree = "<group>";
		};
		454A47D22A3CA0B100C28341 /* Mapa */ = {
			isa = PBXGroup;
			children = (
				454A47D32A3CA0EE00C28341 /* MapaView.swift */,
				454A47D52A3CA12800C28341 /* LocationDataManager.swift */,
				454A47D72A3CA16A00C28341 /* Double+IsAlmostEqual.swift */,
				454A47D92A3CA19600C28341 /* PlaceListViewModel.swift */,
				454A47DB2A3CA1B100C28341 /* PlacesList.swift */,
			);
			path = Mapa;
			sourceTree = "<group>";
		};
		F335C4C32A45D0F200BE19BD /* UIComponents */ = {
			isa = PBXGroup;
			children = (
				F36219B22A450C8A003802B7 /* ImageCustom.swift */,
				F335C4C62A45D45000BE19BD /* NextSenseButton.swift */,
			);
			path = UIComponents;
			sourceTree = "<group>";
		};
		F33D67382A40BD990090F7C2 /* Color */ = {
			isa = PBXGroup;
			children = (
				F33D67392A40BDA70090F7C2 /* ColorSenses.swift */,
			);
			path = Color;
			sourceTree = "<group>";
		};
		F378ECAE2A2F710700FE9584 = {
			isa = PBXGroup;
			children = (
				F378ECBB2A2F713200FE9584 /* FiveSenses-iOS */,
				F378ECCC2A2F713300FE9584 /* FiveSenses-iOSTests */,
				F378ED4F2A2F765D00FE9584 /* FiveSenses-WatchOS Watch App */,
				F378ED602A2F765E00FE9584 /* FiveSenses-WatchOS Watch AppTests */,
				F378ECBA2A2F713200FE9584 /* Products */,
			);
			sourceTree = "<group>";
		};
		F378ECBA2A2F713200FE9584 /* Products */ = {
			isa = PBXGroup;
			children = (
				F378ECB92A2F713200FE9584 /* FiveSenses-iOS.app */,
				F378ECC92A2F713300FE9584 /* FiveSenses-iOSTests.xctest */,
				F378ECD32A2F713300FE9584 /* FiveSenses-iOSUITests.xctest */,
				F378ED462A2F765D00FE9584 /* FiveSenses-WatchOS.app */,
				F378ED4B2A2F765D00FE9584 /* FiveSenses-WatchOS Watch App.app */,
				F378ED5D2A2F765E00FE9584 /* FiveSenses-WatchOS Watch AppTests.xctest */,
				F378ED672A2F765E00FE9584 /* FiveSenses-WatchOS Watch AppUITests.xctest */,
			);
			name = Products;
			sourceTree = "<group>";
		};
		F378ECBB2A2F713200FE9584 /* FiveSenses-iOS */ = {
			isa = PBXGroup;
			children = (
				454A47DD2A3CA2BA00C28341 /* FiveSenses-iOS.entitlements */,
				080E78932A39F6D10013B163 /* FaceID */,
				F378ED7C2A3761CD00FE9584 /* View */,
				F378ED922A3B515600FE9584 /* Observables */,
				F378ED8D2A3A767D00FE9584 /* Enum */,
				F378ECBC2A2F713200FE9584 /* FiveSenses_iOSApp.swift */,
				080E78982A3A049F0013B163 /* ContentView.swift */,
				F378ECC02A2F713300FE9584 /* Assets.xcassets */,
				F378ECC22A2F713300FE9584 /* Preview Content */,
				F33BEA4F2DF326B0004822B0 /* Localizable.xcstrings */,
			);
			path = "FiveSenses-iOS";
			sourceTree = "<group>";
		};
		F378ECC22A2F713300FE9584 /* Preview Content */ = {
			isa = PBXGroup;
			children = (
				F378ECC32A2F713300FE9584 /* Preview Assets.xcassets */,
			);
			path = "Preview Content";
			sourceTree = "<group>";
		};
		F378ECCC2A2F713300FE9584 /* FiveSenses-iOSTests */ = {
			isa = PBXGroup;
			children = (
				F378ECCD2A2F713300FE9584 /* FiveSenses_iOSTests.swift */,
			);
			path = "FiveSenses-iOSTests";
			sourceTree = "<group>";
		};
		F378ED4F2A2F765D00FE9584 /* FiveSenses-WatchOS Watch App */ = {
			isa = PBXGroup;
			children = (
				F335C4C32A45D0F200BE19BD /* UIComponents */,
				F36219B12A450929003802B7 /* FiveSenses-WatchOS_Watch_App.entitlements */,
				F378ED502A2F765D00FE9584 /* FiveSenses_WatchOSApp.swift */,
				F378ED522A2F765D00FE9584 /* ContentView.swift */,
				F378ED542A2F765D00FE9584 /* Assets.xcassets */,
				F378ED562A2F765D00FE9584 /* Preview Content */,
				F33D67162A3FE7AA0090F7C2 /* SenseView.swift */,
			);
			path = "FiveSenses-WatchOS Watch App";
			sourceTree = "<group>";
		};
		F378ED562A2F765D00FE9584 /* Preview Content */ = {
			isa = PBXGroup;
			children = (
				F378ED572A2F765D00FE9584 /* Preview Assets.xcassets */,
			);
			path = "Preview Content";
			sourceTree = "<group>";
		};
		F378ED602A2F765E00FE9584 /* FiveSenses-WatchOS Watch AppTests */ = {
			isa = PBXGroup;
			children = (
				F378ED612A2F765E00FE9584 /* FiveSenses_WatchOS_Watch_AppTests.swift */,
			);
			path = "FiveSenses-WatchOS Watch AppTests";
			sourceTree = "<group>";
		};
		F378ED7C2A3761CD00FE9584 /* View */ = {
			isa = PBXGroup;
			children = (
				08DE8BD12A45399100BF5E5A /* LottieView.swift */,
				08DE8BCA2A4536B400BF5E5A /* SplashScreenView.swift */,
				F378ED7D2A3761D800FE9584 /* UIComponents */,
				454A47D22A3CA0B100C28341 /* Mapa */,
				080E789D2A3CA0D90013B163 /* Onboarding */,
				F33D67322A40B5B60090F7C2 /* HomeView.swift */,
				F378ED882A3A003B00FE9584 /* InputFieldsCollection.swift */,
				F33D671A2A3FF3C40090F7C2 /* SenseView.swift */,
			);
			path = View;
			sourceTree = "<group>";
		};
		F378ED7D2A3761D800FE9584 /* UIComponents */ = {
			isa = PBXGroup;
			children = (
				F33D67382A40BD990090F7C2 /* Color */,
				F378ED8A2A3A5F5000FE9584 /* Styles */,
				F378ED822A39E65500FE9584 /* TextFieldCustom.swift */,
				F378ED842A39F4D000FE9584 /* ButtonCustom.swift */,
				F378ED862A39FFD200FE9584 /* HeaderSenseView.swift */,
				08DE8BC62A44A6EA00BF5E5A /* ImageCustom.swift */,
			);
			path = UIComponents;
			sourceTree = "<group>";
		};
		F378ED8A2A3A5F5000FE9584 /* Styles */ = {
			isa = PBXGroup;
			children = (
				F378ED7E2A37620700FE9584 /* TextFieldStyleCustom.swift */,
				F378ED8B2A3A5F8700FE9584 /* BarProgressStyle.swift */,
			);
			path = Styles;
			sourceTree = "<group>";
		};
		F378ED8D2A3A767D00FE9584 /* Enum */ = {
			isa = PBXGroup;
			children = (
				F378ED8E2A3A768D00FE9584 /* SenseOptions.swift */,
			);
			path = Enum;
			sourceTree = "<group>";
		};
		F378ED922A3B515600FE9584 /* Observables */ = {
			isa = PBXGroup;
			children = (
				F378ED932A3B516600FE9584 /* Sense.swift */,
			);
			path = Observables;
			sourceTree = "<group>";
		};
/* End PBXGroup section */

/* Begin PBXNativeTarget section */
		F378ECB82A2F713200FE9584 /* FiveSenses-iOS */ = {
			isa = PBXNativeTarget;
			buildConfigurationList = F378ECDB2A2F713300FE9584 /* Build configuration list for PBXNativeTarget "FiveSenses-iOS" */;
			buildPhases = (
				F378ECB52A2F713200FE9584 /* Sources */,
				F378ECB62A2F713200FE9584 /* Frameworks */,
				F378ECB72A2F713200FE9584 /* Resources */,
			);
			buildRules = (
			);
			dependencies = (
			);
			name = "FiveSenses-iOS";
			packageProductDependencies = (
				08DE8BCD2A45389D00BF5E5A /* Lottie */,
			);
			productName = "FiveSenses-iOS";
			productReference = F378ECB92A2F713200FE9584 /* FiveSenses-iOS.app */;
			productType = "com.apple.product-type.application";
		};
		F378ECC82A2F713300FE9584 /* FiveSenses-iOSTests */ = {
			isa = PBXNativeTarget;
			buildConfigurationList = F378ECDE2A2F713300FE9584 /* Build configuration list for PBXNativeTarget "FiveSenses-iOSTests" */;
			buildPhases = (
				F378ECC52A2F713300FE9584 /* Sources */,
				F378ECC62A2F713300FE9584 /* Frameworks */,
				F378ECC72A2F713300FE9584 /* Resources */,
			);
			buildRules = (
			);
			dependencies = (
				F378ECCB2A2F713300FE9584 /* PBXTargetDependency */,
			);
			name = "FiveSenses-iOSTests";
			productName = "FiveSenses-iOSTests";
			productReference = F378ECC92A2F713300FE9584 /* FiveSenses-iOSTests.xctest */;
			productType = "com.apple.product-type.bundle.unit-test";
		};
		F378ECD22A2F713300FE9584 /* FiveSenses-iOSUITests */ = {
			isa = PBXNativeTarget;
			buildConfigurationList = F378ECE12A2F713300FE9584 /* Build configuration list for PBXNativeTarget "FiveSenses-iOSUITests" */;
			buildPhases = (
				F378ECCF2A2F713300FE9584 /* Sources */,
				F378ECD02A2F713300FE9584 /* Frameworks */,
				F378ECD12A2F713300FE9584 /* Resources */,
			);
			buildRules = (
			);
			dependencies = (
				F378ECD52A2F713300FE9584 /* PBXTargetDependency */,
			);
			name = "FiveSenses-iOSUITests";
			productName = "FiveSenses-iOSUITests";
			productReference = F378ECD32A2F713300FE9584 /* FiveSenses-iOSUITests.xctest */;
			productType = "com.apple.product-type.bundle.ui-testing";
		};
		F378ED452A2F765D00FE9584 /* FiveSenses-WatchOS */ = {
			isa = PBXNativeTarget;
			buildConfigurationList = F378ED732A2F765E00FE9584 /* Build configuration list for PBXNativeTarget "FiveSenses-WatchOS" */;
			buildPhases = (
				F378ED442A2F765D00FE9584 /* Resources */,
				F378ED722A2F765E00FE9584 /* Embed Watch Content */,
			);
			buildRules = (
			);
			dependencies = (
				F378ED4E2A2F765D00FE9584 /* PBXTargetDependency */,
			);
			name = "FiveSenses-WatchOS";
			productName = "FiveSenses-WatchOS";
			productReference = F378ED462A2F765D00FE9584 /* FiveSenses-WatchOS.app */;
			productType = "com.apple.product-type.application.watchapp2-container";
		};
		F378ED4A2A2F765D00FE9584 /* FiveSenses-WatchOS Watch App */ = {
			isa = PBXNativeTarget;
			buildConfigurationList = F378ED6F2A2F765E00FE9584 /* Build configuration list for PBXNativeTarget "FiveSenses-WatchOS Watch App" */;
			buildPhases = (
				F378ED472A2F765D00FE9584 /* Sources */,
				F378ED482A2F765D00FE9584 /* Frameworks */,
				F378ED492A2F765D00FE9584 /* Resources */,
			);
			buildRules = (
			);
			dependencies = (
			);
			name = "FiveSenses-WatchOS Watch App";
			productName = "FiveSenses-WatchOS Watch App";
			productReference = F378ED4B2A2F765D00FE9584 /* FiveSenses-WatchOS Watch App.app */;
			productType = "com.apple.product-type.application";
		};
		F378ED5C2A2F765E00FE9584 /* FiveSenses-WatchOS Watch AppTests */ = {
			isa = PBXNativeTarget;
			buildConfigurationList = F378ED762A2F765E00FE9584 /* Build configuration list for PBXNativeTarget "FiveSenses-WatchOS Watch AppTests" */;
			buildPhases = (
				F378ED592A2F765E00FE9584 /* Sources */,
				F378ED5A2A2F765E00FE9584 /* Frameworks */,
				F378ED5B2A2F765E00FE9584 /* Resources */,
			);
			buildRules = (
			);
			dependencies = (
				F378ED5F2A2F765E00FE9584 /* PBXTargetDependency */,
			);
			name = "FiveSenses-WatchOS Watch AppTests";
			productName = "FiveSenses-WatchOS Watch AppTests";
			productReference = F378ED5D2A2F765E00FE9584 /* FiveSenses-WatchOS Watch AppTests.xctest */;
			productType = "com.apple.product-type.bundle.unit-test";
		};
		F378ED662A2F765E00FE9584 /* FiveSenses-WatchOS Watch AppUITests */ = {
			isa = PBXNativeTarget;
			buildConfigurationList = F378ED792A2F765E00FE9584 /* Build configuration list for PBXNativeTarget "FiveSenses-WatchOS Watch AppUITests" */;
			buildPhases = (
				F378ED632A2F765E00FE9584 /* Sources */,
				F378ED642A2F765E00FE9584 /* Frameworks */,
				F378ED652A2F765E00FE9584 /* Resources */,
			);
			buildRules = (
			);
			dependencies = (
				F378ED692A2F765E00FE9584 /* PBXTargetDependency */,
			);
			name = "FiveSenses-WatchOS Watch AppUITests";
			productName = "FiveSenses-WatchOS Watch AppUITests";
			productReference = F378ED672A2F765E00FE9584 /* FiveSenses-WatchOS Watch AppUITests.xctest */;
			productType = "com.apple.product-type.bundle.ui-testing";
		};
/* End PBXNativeTarget section */

/* Begin PBXProject section */
		F378ECAF2A2F710700FE9584 /* Project object */ = {
			isa = PBXProject;
			attributes = {
				BuildIndependentTargetsInParallel = 1;
				LastSwiftUpdateCheck = 1430;
				LastUpgradeCheck = 1430;
				TargetAttributes = {
					F378ECB82A2F713200FE9584 = {
						CreatedOnToolsVersion = 14.3.1;
					};
					F378ECC82A2F713300FE9584 = {
						CreatedOnToolsVersion = 14.3.1;
						TestTargetID = F378ECB82A2F713200FE9584;
					};
					F378ECD22A2F713300FE9584 = {
						CreatedOnToolsVersion = 14.3.1;
						TestTargetID = F378ECB82A2F713200FE9584;
					};
					F378ED452A2F765D00FE9584 = {
						CreatedOnToolsVersion = 14.3.1;
					};
					F378ED4A2A2F765D00FE9584 = {
						CreatedOnToolsVersion = 14.3.1;
					};
					F378ED5C2A2F765E00FE9584 = {
						CreatedOnToolsVersion = 14.3.1;
						TestTargetID = F378ED4A2A2F765D00FE9584;
					};
					F378ED662A2F765E00FE9584 = {
						CreatedOnToolsVersion = 14.3.1;
						TestTargetID = F378ED4A2A2F765D00FE9584;
					};
				};
			};
			buildConfigurationList = F378ECB22A2F710700FE9584 /* Build configuration list for PBXProject "FiveSenses" */;
			compatibilityVersion = "Xcode 14.0";
			developmentRegion = "pt-BR";
			hasScannedForEncodings = 0;
			knownRegions = (
				en,
				Base,
				"pt-BR",
			);
			mainGroup = F378ECAE2A2F710700FE9584;
			packageReferences = (
				08DE8BCC2A45389D00BF5E5A /* XCRemoteSwiftPackageReference "lottie-ios" */,
			);
			productRefGroup = F378ECBA2A2F713200FE9584 /* Products */;
			projectDirPath = "";
			projectRoot = "";
			targets = (
				F378ECB82A2F713200FE9584 /* FiveSenses-iOS */,
				F378ECC82A2F713300FE9584 /* FiveSenses-iOSTests */,
				F378ECD22A2F713300FE9584 /* FiveSenses-iOSUITests */,
				F378ED452A2F765D00FE9584 /* FiveSenses-WatchOS */,
				F378ED4A2A2F765D00FE9584 /* FiveSenses-WatchOS Watch App */,
				F378ED5C2A2F765E00FE9584 /* FiveSenses-WatchOS Watch AppTests */,
				F378ED662A2F765E00FE9584 /* FiveSenses-WatchOS Watch AppUITests */,
			);
		};
/* End PBXProject section */

/* Begin PBXResourcesBuildPhase section */
		F378ECB72A2F713200FE9584 /* Resources */ = {
			isa = PBXResourcesBuildPhase;
			buildActionMask = 2147483647;
			files = (
				F378ECC42A2F713300FE9584 /* Preview Assets.xcassets in Resources */,
				F378ECC12A2F713300FE9584 /* Assets.xcassets in Resources */,
				F33BEA502DF326B0004822B0 /* Localizable.xcstrings in Resources */,
			);
			runOnlyForDeploymentPostprocessing = 0;
		};
		F378ECC72A2F713300FE9584 /* Resources */ = {
			isa = PBXResourcesBuildPhase;
			buildActionMask = 2147483647;
			files = (
			);
			runOnlyForDeploymentPostprocessing = 0;
		};
		F378ECD12A2F713300FE9584 /* Resources */ = {
			isa = PBXResourcesBuildPhase;
			buildActionMask = 2147483647;
			files = (
			);
			runOnlyForDeploymentPostprocessing = 0;
		};
		F378ED442A2F765D00FE9584 /* Resources */ = {
			isa = PBXResourcesBuildPhase;
			buildActionMask = 2147483647;
			files = (
			);
			runOnlyForDeploymentPostprocessing = 0;
		};
		F378ED492A2F765D00FE9584 /* Resources */ = {
			isa = PBXResourcesBuildPhase;
			buildActionMask = 2147483647;
			files = (
				F378ED582A2F765D00FE9584 /* Preview Assets.xcassets in Resources */,
				F378ED552A2F765D00FE9584 /* Assets.xcassets in Resources */,
				F33BEA512DF326B0004822B0 /* Localizable.xcstrings in Resources */,
			);
			runOnlyForDeploymentPostprocessing = 0;
		};
		F378ED5B2A2F765E00FE9584 /* Resources */ = {
			isa = PBXResourcesBuildPhase;
			buildActionMask = 2147483647;
			files = (
			);
			runOnlyForDeploymentPostprocessing = 0;
		};
		F378ED652A2F765E00FE9584 /* Resources */ = {
			isa = PBXResourcesBuildPhase;
			buildActionMask = 2147483647;
			files = (
			);
			runOnlyForDeploymentPostprocessing = 0;
		};
/* End PBXResourcesBuildPhase section */

/* Begin PBXSourcesBuildPhase section */
		F378ECB52A2F713200FE9584 /* Sources */ = {
			isa = PBXSourcesBuildPhase;
			buildActionMask = 2147483647;
			files = (
				454A47D82A3CA16A00C28341 /* Double+IsAlmostEqual.swift in Sources */,
				080E78952A39F74B0013B163 /* FaceidView.swift in Sources */,
				08DE8BD22A45399100BF5E5A /* LottieView.swift in Sources */,
				F378ED7F2A37620700FE9584 /* TextFieldStyleCustom.swift in Sources */,
				F378ED832A39E65500FE9584 /* TextFieldCustom.swift in Sources */,
				F37A893A2A4121E200667784 /* OnboardingItemView.swift in Sources */,
				F37A893C2A41220B00667784 /* OnboardingItem.swift in Sources */,
				F37A893E2A41256B00667784 /* Onboarding.swift in Sources */,
				454A47DC2A3CA1B100C28341 /* PlacesList.swift in Sources */,
				454A47DA2A3CA19600C28341 /* PlaceListViewModel.swift in Sources */,
				454A47D42A3CA0EE00C28341 /* MapaView.swift in Sources */,
				F378ED852A39F4D000FE9584 /* ButtonCustom.swift in Sources */,
				F378ED942A3B516600FE9584 /* Sense.swift in Sources */,
				F378ED872A39FFD200FE9584 /* HeaderSenseView.swift in Sources */,
				F378ED892A3A003B00FE9584 /* InputFieldsCollection.swift in Sources */,
				08DE8BC72A44A6EA00BF5E5A /* ImageCustom.swift in Sources */,
				F33D671B2A3FF3C40090F7C2 /* SenseView.swift in Sources */,
				F33D673A2A40BDA70090F7C2 /* ColorSenses.swift in Sources */,
				F378ECBD2A2F713200FE9584 /* FiveSenses_iOSApp.swift in Sources */,
				080E78992A3A049F0013B163 /* ContentView.swift in Sources */,
				F378ED8C2A3A5F8700FE9584 /* BarProgressStyle.swift in Sources */,
				454A47D62A3CA12800C28341 /* LocationDataManager.swift in Sources */,
				F378ED8F2A3A768D00FE9584 /* SenseOptions.swift in Sources */,
				F33D67332A40B5B60090F7C2 /* HomeView.swift in Sources */,
				08DE8BCB2A4536B400BF5E5A /* SplashScreenView.swift in Sources */,
			);
			runOnlyForDeploymentPostprocessing = 0;
		};
		F378ECC52A2F713300FE9584 /* Sources */ = {
			isa = PBXSourcesBuildPhase;
			buildActionMask = 2147483647;
			files = (
				F378ECCE2A2F713300FE9584 /* FiveSenses_iOSTests.swift in Sources */,
			);
			runOnlyForDeploymentPostprocessing = 0;
		};
		F378ECCF2A2F713300FE9584 /* Sources */ = {
			isa = PBXSourcesBuildPhase;
			buildActionMask = 2147483647;
			files = (
			);
			runOnlyForDeploymentPostprocessing = 0;
		};
		F378ED472A2F765D00FE9584 /* Sources */ = {
			isa = PBXSourcesBuildPhase;
			buildActionMask = 2147483647;
			files = (
				F378ED902A3B405B00FE9584 /* ButtonCustom.swift in Sources */,
				451F74022A40D5730025CEC2 /* TextFieldStyleCustom.swift in Sources */,
				F36219B32A450C8A003802B7 /* ImageCustom.swift in Sources */,
				F378ED512A2F765D00FE9584 /* FiveSenses_WatchOSApp.swift in Sources */,
				451F73FF2A40D4DB0025CEC2 /* ContentView.swift in Sources */,
				4584BBF32A41DD03008B443F /* PlacesList.swift in Sources */,
				451F74002A40D54A0025CEC2 /* InputFieldsCollection.swift in Sources */,
				F378ED952A3B518700FE9584 /* Sense.swift in Sources */,
				F335C4C72A45D45000BE19BD /* NextSenseButton.swift in Sources */,
				F378ED972A3B51AA00FE9584 /* BarProgressStyle.swift in Sources */,
				F33D67172A3FE7AA0090F7C2 /* SenseView.swift in Sources */,
				F378ED962A3B518F00FE9584 /* SenseOptions.swift in Sources */,
				451F74012A40D5690025CEC2 /* TextFieldCustom.swift in Sources */,
				4584BBF12A41D402008B443F /* PlaceListViewModel.swift in Sources */,
				4584BBF02A41D3F9008B443F /* LocationDataManager.swift in Sources */,
				4584BBF22A41D42C008B443F /* Double+IsAlmostEqual.swift in Sources */,
			);
			runOnlyForDeploymentPostprocessing = 0;
		};
		F378ED592A2F765E00FE9584 /* Sources */ = {
			isa = PBXSourcesBuildPhase;
			buildActionMask = 2147483647;
			files = (
				F378ED622A2F765E00FE9584 /* FiveSenses_WatchOS_Watch_AppTests.swift in Sources */,
			);
			runOnlyForDeploymentPostprocessing = 0;
		};
		F378ED632A2F765E00FE9584 /* Sources */ = {
			isa = PBXSourcesBuildPhase;
			buildActionMask = 2147483647;
			files = (
			);
			runOnlyForDeploymentPostprocessing = 0;
		};
/* End PBXSourcesBuildPhase section */

/* Begin PBXTargetDependency section */
		F378ECCB2A2F713300FE9584 /* PBXTargetDependency */ = {
			isa = PBXTargetDependency;
			target = F378ECB82A2F713200FE9584 /* FiveSenses-iOS */;
			targetProxy = F378ECCA2A2F713300FE9584 /* PBXContainerItemProxy */;
		};
		F378ECD52A2F713300FE9584 /* PBXTargetDependency */ = {
			isa = PBXTargetDependency;
			target = F378ECB82A2F713200FE9584 /* FiveSenses-iOS */;
			targetProxy = F378ECD42A2F713300FE9584 /* PBXContainerItemProxy */;
		};
		F378ED4E2A2F765D00FE9584 /* PBXTargetDependency */ = {
			isa = PBXTargetDependency;
			target = F378ED4A2A2F765D00FE9584 /* FiveSenses-WatchOS Watch App */;
			targetProxy = F378ED4D2A2F765D00FE9584 /* PBXContainerItemProxy */;
		};
		F378ED5F2A2F765E00FE9584 /* PBXTargetDependency */ = {
			isa = PBXTargetDependency;
			target = F378ED4A2A2F765D00FE9584 /* FiveSenses-WatchOS Watch App */;
			targetProxy = F378ED5E2A2F765E00FE9584 /* PBXContainerItemProxy */;
		};
		F378ED692A2F765E00FE9584 /* PBXTargetDependency */ = {
			isa = PBXTargetDependency;
			target = F378ED4A2A2F765D00FE9584 /* FiveSenses-WatchOS Watch App */;
			targetProxy = F378ED682A2F765E00FE9584 /* PBXContainerItemProxy */;
		};
/* End PBXTargetDependency section */

/* Begin XCBuildConfiguration section */
		F378ECB32A2F710700FE9584 /* Debug */ = {
			isa = XCBuildConfiguration;
			buildSettings = {
				SWIFT_EMIT_LOC_STRINGS = YES;
			};
			name = Debug;
		};
		F378ECB42A2F710700FE9584 /* Release */ = {
			isa = XCBuildConfiguration;
			buildSettings = {
				SWIFT_EMIT_LOC_STRINGS = YES;
			};
			name = Release;
		};
		F378ECDC2A2F713300FE9584 /* Debug */ = {
			isa = XCBuildConfiguration;
			buildSettings = {
				ALWAYS_SEARCH_USER_PATHS = NO;
				ASSETCATALOG_COMPILER_APPICON_NAME = AppIcon;
				ASSETCATALOG_COMPILER_GLOBAL_ACCENT_COLOR_NAME = AccentColor;
				CLANG_ANALYZER_NONNULL = YES;
				CLANG_ANALYZER_NUMBER_OBJECT_CONVERSION = YES_AGGRESSIVE;
				CLANG_CXX_LANGUAGE_STANDARD = "gnu++20";
				CLANG_ENABLE_MODULES = YES;
				CLANG_ENABLE_OBJC_ARC = YES;
				CLANG_ENABLE_OBJC_WEAK = YES;
				CLANG_WARN_BLOCK_CAPTURE_AUTORELEASING = YES;
				CLANG_WARN_BOOL_CONVERSION = YES;
				CLANG_WARN_COMMA = YES;
				CLANG_WARN_CONSTANT_CONVERSION = YES;
				CLANG_WARN_DEPRECATED_OBJC_IMPLEMENTATIONS = YES;
				CLANG_WARN_DIRECT_OBJC_ISA_USAGE = YES_ERROR;
				CLANG_WARN_DOCUMENTATION_COMMENTS = YES;
				CLANG_WARN_EMPTY_BODY = YES;
				CLANG_WARN_ENUM_CONVERSION = YES;
				CLANG_WARN_INFINITE_RECURSION = YES;
				CLANG_WARN_INT_CONVERSION = YES;
				CLANG_WARN_NON_LITERAL_NULL_CONVERSION = YES;
				CLANG_WARN_OBJC_IMPLICIT_RETAIN_SELF = YES;
				CLANG_WARN_OBJC_LITERAL_CONVERSION = YES;
				CLANG_WARN_OBJC_ROOT_CLASS = YES_ERROR;
				CLANG_WARN_QUOTED_INCLUDE_IN_FRAMEWORK_HEADER = YES;
				CLANG_WARN_RANGE_LOOP_ANALYSIS = YES;
				CLANG_WARN_STRICT_PROTOTYPES = YES;
				CLANG_WARN_SUSPICIOUS_MOVE = YES;
				CLANG_WARN_UNGUARDED_AVAILABILITY = YES_AGGRESSIVE;
				CLANG_WARN_UNREACHABLE_CODE = YES;
				CLANG_WARN__DUPLICATE_METHOD_MATCH = YES;
				CODE_SIGN_ENTITLEMENTS = "FiveSenses-iOS/FiveSenses-iOS.entitlements";
				CODE_SIGN_STYLE = Automatic;
				COPY_PHASE_STRIP = NO;
				CURRENT_PROJECT_VERSION = 2;
				DEBUG_INFORMATION_FORMAT = dwarf;
				DEVELOPMENT_ASSET_PATHS = "\"FiveSenses-iOS/Preview Content\"";
				DEVELOPMENT_TEAM = 2P65JA735T;
				ENABLE_PREVIEWS = YES;
				ENABLE_STRICT_OBJC_MSGSEND = YES;
				ENABLE_TESTABILITY = YES;
				GCC_C_LANGUAGE_STANDARD = gnu11;
				GCC_DYNAMIC_NO_PIC = NO;
				GCC_NO_COMMON_BLOCKS = YES;
				GCC_OPTIMIZATION_LEVEL = 0;
				GCC_PREPROCESSOR_DEFINITIONS = (
					"DEBUG=1",
					"$(inherited)",
				);
				GCC_WARN_64_TO_32_BIT_CONVERSION = YES;
				GCC_WARN_ABOUT_RETURN_TYPE = YES_ERROR;
				GCC_WARN_UNDECLARED_SELECTOR = YES;
				GCC_WARN_UNINITIALIZED_AUTOS = YES_AGGRESSIVE;
				GCC_WARN_UNUSED_FUNCTION = YES;
				GCC_WARN_UNUSED_VARIABLE = YES;
				GENERATE_INFOPLIST_FILE = YES;
				INFOPLIST_KEY_CFBundleDisplayName = 5Senses;
				INFOPLIST_KEY_LSApplicationCategoryType = "public.app-category.lifestyle";
				INFOPLIST_KEY_NSFaceIDUsageDescription = "";
				INFOPLIST_KEY_NSLocationWhenInUseUsageDescription = "This app uses your location to personalize your app experience";
				INFOPLIST_KEY_UIApplicationSceneManifest_Generation = YES;
				INFOPLIST_KEY_UIApplicationSupportsIndirectInputEvents = YES;
				INFOPLIST_KEY_UILaunchScreen_Generation = YES;
				INFOPLIST_KEY_UISupportedInterfaceOrientations = UIInterfaceOrientationPortrait;
				IPHONEOS_DEPLOYMENT_TARGET = 16.0;
				LD_RUNPATH_SEARCH_PATHS = (
					"$(inherited)",
					"@executable_path/Frameworks",
				);
				MARKETING_VERSION = 1.0;
				MTL_ENABLE_DEBUG_INFO = INCLUDE_SOURCE;
				MTL_FAST_MATH = YES;
				ONLY_ACTIVE_ARCH = YES;
				PRODUCT_BUNDLE_IDENTIFIER = com.milenaalcantara.FiveSensesiOS;
				PRODUCT_NAME = "$(TARGET_NAME)";
				SDKROOT = iphoneos;
				SUPPORTED_PLATFORMS = "iphoneos iphonesimulator";
				SUPPORTS_MACCATALYST = NO;
				SUPPORTS_MAC_DESIGNED_FOR_IPHONE_IPAD = NO;
				SWIFT_ACTIVE_COMPILATION_CONDITIONS = DEBUG;
				SWIFT_EMIT_LOC_STRINGS = YES;
				SWIFT_OPTIMIZATION_LEVEL = "-Onone";
				SWIFT_VERSION = 5.0;
				TARGETED_DEVICE_FAMILY = 1;
			};
			name = Debug;
		};
		F378ECDD2A2F713300FE9584 /* Release */ = {
			isa = XCBuildConfiguration;
			buildSettings = {
				ALWAYS_SEARCH_USER_PATHS = NO;
				ASSETCATALOG_COMPILER_APPICON_NAME = AppIcon;
				ASSETCATALOG_COMPILER_GLOBAL_ACCENT_COLOR_NAME = AccentColor;
				CLANG_ANALYZER_NONNULL = YES;
				CLANG_ANALYZER_NUMBER_OBJECT_CONVERSION = YES_AGGRESSIVE;
				CLANG_CXX_LANGUAGE_STANDARD = "gnu++20";
				CLANG_ENABLE_MODULES = YES;
				CLANG_ENABLE_OBJC_ARC = YES;
				CLANG_ENABLE_OBJC_WEAK = YES;
				CLANG_WARN_BLOCK_CAPTURE_AUTORELEASING = YES;
				CLANG_WARN_BOOL_CONVERSION = YES;
				CLANG_WARN_COMMA = YES;
				CLANG_WARN_CONSTANT_CONVERSION = YES;
				CLANG_WARN_DEPRECATED_OBJC_IMPLEMENTATIONS = YES;
				CLANG_WARN_DIRECT_OBJC_ISA_USAGE = YES_ERROR;
				CLANG_WARN_DOCUMENTATION_COMMENTS = YES;
				CLANG_WARN_EMPTY_BODY = YES;
				CLANG_WARN_ENUM_CONVERSION = YES;
				CLANG_WARN_INFINITE_RECURSION = YES;
				CLANG_WARN_INT_CONVERSION = YES;
				CLANG_WARN_NON_LITERAL_NULL_CONVERSION = YES;
				CLANG_WARN_OBJC_IMPLICIT_RETAIN_SELF = YES;
				CLANG_WARN_OBJC_LITERAL_CONVERSION = YES;
				CLANG_WARN_OBJC_ROOT_CLASS = YES_ERROR;
				CLANG_WARN_QUOTED_INCLUDE_IN_FRAMEWORK_HEADER = YES;
				CLANG_WARN_RANGE_LOOP_ANALYSIS = YES;
				CLANG_WARN_STRICT_PROTOTYPES = YES;
				CLANG_WARN_SUSPICIOUS_MOVE = YES;
				CLANG_WARN_UNGUARDED_AVAILABILITY = YES_AGGRESSIVE;
				CLANG_WARN_UNREACHABLE_CODE = YES;
				CLANG_WARN__DUPLICATE_METHOD_MATCH = YES;
				CODE_SIGN_ENTITLEMENTS = "FiveSenses-iOS/FiveSenses-iOS.entitlements";
				CODE_SIGN_STYLE = Automatic;
				COPY_PHASE_STRIP = NO;
				CURRENT_PROJECT_VERSION = 2;
				DEBUG_INFORMATION_FORMAT = "dwarf-with-dsym";
				DEVELOPMENT_ASSET_PATHS = "\"FiveSenses-iOS/Preview Content\"";
				DEVELOPMENT_TEAM = 2P65JA735T;
				ENABLE_NS_ASSERTIONS = NO;
				ENABLE_PREVIEWS = YES;
				ENABLE_STRICT_OBJC_MSGSEND = YES;
				GCC_C_LANGUAGE_STANDARD = gnu11;
				GCC_NO_COMMON_BLOCKS = YES;
				GCC_WARN_64_TO_32_BIT_CONVERSION = YES;
				GCC_WARN_ABOUT_RETURN_TYPE = YES_ERROR;
				GCC_WARN_UNDECLARED_SELECTOR = YES;
				GCC_WARN_UNINITIALIZED_AUTOS = YES_AGGRESSIVE;
				GCC_WARN_UNUSED_FUNCTION = YES;
				GCC_WARN_UNUSED_VARIABLE = YES;
				GENERATE_INFOPLIST_FILE = YES;
				INFOPLIST_KEY_CFBundleDisplayName = 5Senses;
				INFOPLIST_KEY_LSApplicationCategoryType = "public.app-category.lifestyle";
				INFOPLIST_KEY_NSFaceIDUsageDescription = "";
				INFOPLIST_KEY_NSLocationWhenInUseUsageDescription = "This app uses your location to personalize your app experience";
				INFOPLIST_KEY_UIApplicationSceneManifest_Generation = YES;
				INFOPLIST_KEY_UIApplicationSupportsIndirectInputEvents = YES;
				INFOPLIST_KEY_UILaunchScreen_Generation = YES;
				INFOPLIST_KEY_UISupportedInterfaceOrientations = UIInterfaceOrientationPortrait;
				IPHONEOS_DEPLOYMENT_TARGET = 16.0;
				LD_RUNPATH_SEARCH_PATHS = (
					"$(inherited)",
					"@executable_path/Frameworks",
				);
				MARKETING_VERSION = 1.0;
				MTL_ENABLE_DEBUG_INFO = NO;
				MTL_FAST_MATH = YES;
				PRODUCT_BUNDLE_IDENTIFIER = com.milenaalcantara.FiveSensesiOS;
				PRODUCT_NAME = "$(TARGET_NAME)";
				SDKROOT = iphoneos;
				SUPPORTED_PLATFORMS = "iphoneos iphonesimulator";
				SUPPORTS_MACCATALYST = NO;
				SUPPORTS_MAC_DESIGNED_FOR_IPHONE_IPAD = NO;
				SWIFT_COMPILATION_MODE = wholemodule;
				SWIFT_EMIT_LOC_STRINGS = YES;
				SWIFT_OPTIMIZATION_LEVEL = "-O";
				SWIFT_VERSION = 5.0;
				TARGETED_DEVICE_FAMILY = 1;
				VALIDATE_PRODUCT = YES;
			};
			name = Release;
		};
		F378ECDF2A2F713300FE9584 /* Debug */ = {
			isa = XCBuildConfiguration;
			buildSettings = {
				ALWAYS_EMBED_SWIFT_STANDARD_LIBRARIES = YES;
				ALWAYS_SEARCH_USER_PATHS = NO;
				BUNDLE_LOADER = "$(TEST_HOST)";
				CLANG_ANALYZER_NONNULL = YES;
				CLANG_ANALYZER_NUMBER_OBJECT_CONVERSION = YES_AGGRESSIVE;
				CLANG_CXX_LANGUAGE_STANDARD = "gnu++20";
				CLANG_ENABLE_MODULES = YES;
				CLANG_ENABLE_OBJC_ARC = YES;
				CLANG_ENABLE_OBJC_WEAK = YES;
				CLANG_WARN_BLOCK_CAPTURE_AUTORELEASING = YES;
				CLANG_WARN_BOOL_CONVERSION = YES;
				CLANG_WARN_COMMA = YES;
				CLANG_WARN_CONSTANT_CONVERSION = YES;
				CLANG_WARN_DEPRECATED_OBJC_IMPLEMENTATIONS = YES;
				CLANG_WARN_DIRECT_OBJC_ISA_USAGE = YES_ERROR;
				CLANG_WARN_DOCUMENTATION_COMMENTS = YES;
				CLANG_WARN_EMPTY_BODY = YES;
				CLANG_WARN_ENUM_CONVERSION = YES;
				CLANG_WARN_INFINITE_RECURSION = YES;
				CLANG_WARN_INT_CONVERSION = YES;
				CLANG_WARN_NON_LITERAL_NULL_CONVERSION = YES;
				CLANG_WARN_OBJC_IMPLICIT_RETAIN_SELF = YES;
				CLANG_WARN_OBJC_LITERAL_CONVERSION = YES;
				CLANG_WARN_OBJC_ROOT_CLASS = YES_ERROR;
				CLANG_WARN_QUOTED_INCLUDE_IN_FRAMEWORK_HEADER = YES;
				CLANG_WARN_RANGE_LOOP_ANALYSIS = YES;
				CLANG_WARN_STRICT_PROTOTYPES = YES;
				CLANG_WARN_SUSPICIOUS_MOVE = YES;
				CLANG_WARN_UNGUARDED_AVAILABILITY = YES_AGGRESSIVE;
				CLANG_WARN_UNREACHABLE_CODE = YES;
				CLANG_WARN__DUPLICATE_METHOD_MATCH = YES;
				CODE_SIGN_STYLE = Automatic;
				COPY_PHASE_STRIP = NO;
				CURRENT_PROJECT_VERSION = 1;
				DEBUG_INFORMATION_FORMAT = dwarf;
				DEVELOPMENT_TEAM = 2P65JA735T;
				ENABLE_STRICT_OBJC_MSGSEND = YES;
				ENABLE_TESTABILITY = YES;
				GCC_C_LANGUAGE_STANDARD = gnu11;
				GCC_DYNAMIC_NO_PIC = NO;
				GCC_NO_COMMON_BLOCKS = YES;
				GCC_OPTIMIZATION_LEVEL = 0;
				GCC_PREPROCESSOR_DEFINITIONS = (
					"DEBUG=1",
					"$(inherited)",
				);
				GCC_WARN_64_TO_32_BIT_CONVERSION = YES;
				GCC_WARN_ABOUT_RETURN_TYPE = YES_ERROR;
				GCC_WARN_UNDECLARED_SELECTOR = YES;
				GCC_WARN_UNINITIALIZED_AUTOS = YES_AGGRESSIVE;
				GCC_WARN_UNUSED_FUNCTION = YES;
				GCC_WARN_UNUSED_VARIABLE = YES;
				GENERATE_INFOPLIST_FILE = YES;
				IPHONEOS_DEPLOYMENT_TARGET = 16.0;
				MARKETING_VERSION = 1.0;
				MTL_ENABLE_DEBUG_INFO = INCLUDE_SOURCE;
				MTL_FAST_MATH = YES;
				ONLY_ACTIVE_ARCH = YES;
				PRODUCT_BUNDLE_IDENTIFIER = "com.milenaalcantara.FiveSenses-iOSTests";
				PRODUCT_NAME = "$(TARGET_NAME)";
				SDKROOT = iphoneos;
				SUPPORTED_PLATFORMS = "iphoneos iphonesimulator";
				SUPPORTS_MACCATALYST = NO;
				SUPPORTS_MAC_DESIGNED_FOR_IPHONE_IPAD = NO;
				SWIFT_ACTIVE_COMPILATION_CONDITIONS = DEBUG;
				SWIFT_EMIT_LOC_STRINGS = NO;
				SWIFT_OPTIMIZATION_LEVEL = "-Onone";
				SWIFT_VERSION = 5.0;
				TARGETED_DEVICE_FAMILY = 1;
				TEST_HOST = "$(BUILT_PRODUCTS_DIR)/FiveSenses-iOS.app/$(BUNDLE_EXECUTABLE_FOLDER_PATH)/FiveSenses-iOS";
			};
			name = Debug;
		};
		F378ECE02A2F713300FE9584 /* Release */ = {
			isa = XCBuildConfiguration;
			buildSettings = {
				ALWAYS_EMBED_SWIFT_STANDARD_LIBRARIES = YES;
				ALWAYS_SEARCH_USER_PATHS = NO;
				BUNDLE_LOADER = "$(TEST_HOST)";
				CLANG_ANALYZER_NONNULL = YES;
				CLANG_ANALYZER_NUMBER_OBJECT_CONVERSION = YES_AGGRESSIVE;
				CLANG_CXX_LANGUAGE_STANDARD = "gnu++20";
				CLANG_ENABLE_MODULES = YES;
				CLANG_ENABLE_OBJC_ARC = YES;
				CLANG_ENABLE_OBJC_WEAK = YES;
				CLANG_WARN_BLOCK_CAPTURE_AUTORELEASING = YES;
				CLANG_WARN_BOOL_CONVERSION = YES;
				CLANG_WARN_COMMA = YES;
				CLANG_WARN_CONSTANT_CONVERSION = YES;
				CLANG_WARN_DEPRECATED_OBJC_IMPLEMENTATIONS = YES;
				CLANG_WARN_DIRECT_OBJC_ISA_USAGE = YES_ERROR;
				CLANG_WARN_DOCUMENTATION_COMMENTS = YES;
				CLANG_WARN_EMPTY_BODY = YES;
				CLANG_WARN_ENUM_CONVERSION = YES;
				CLANG_WARN_INFINITE_RECURSION = YES;
				CLANG_WARN_INT_CONVERSION = YES;
				CLANG_WARN_NON_LITERAL_NULL_CONVERSION = YES;
				CLANG_WARN_OBJC_IMPLICIT_RETAIN_SELF = YES;
				CLANG_WARN_OBJC_LITERAL_CONVERSION = YES;
				CLANG_WARN_OBJC_ROOT_CLASS = YES_ERROR;
				CLANG_WARN_QUOTED_INCLUDE_IN_FRAMEWORK_HEADER = YES;
				CLANG_WARN_RANGE_LOOP_ANALYSIS = YES;
				CLANG_WARN_STRICT_PROTOTYPES = YES;
				CLANG_WARN_SUSPICIOUS_MOVE = YES;
				CLANG_WARN_UNGUARDED_AVAILABILITY = YES_AGGRESSIVE;
				CLANG_WARN_UNREACHABLE_CODE = YES;
				CLANG_WARN__DUPLICATE_METHOD_MATCH = YES;
				CODE_SIGN_STYLE = Automatic;
				COPY_PHASE_STRIP = NO;
				CURRENT_PROJECT_VERSION = 1;
				DEBUG_INFORMATION_FORMAT = "dwarf-with-dsym";
				DEVELOPMENT_TEAM = 2P65JA735T;
				ENABLE_NS_ASSERTIONS = NO;
				ENABLE_STRICT_OBJC_MSGSEND = YES;
				GCC_C_LANGUAGE_STANDARD = gnu11;
				GCC_NO_COMMON_BLOCKS = YES;
				GCC_WARN_64_TO_32_BIT_CONVERSION = YES;
				GCC_WARN_ABOUT_RETURN_TYPE = YES_ERROR;
				GCC_WARN_UNDECLARED_SELECTOR = YES;
				GCC_WARN_UNINITIALIZED_AUTOS = YES_AGGRESSIVE;
				GCC_WARN_UNUSED_FUNCTION = YES;
				GCC_WARN_UNUSED_VARIABLE = YES;
				GENERATE_INFOPLIST_FILE = YES;
				IPHONEOS_DEPLOYMENT_TARGET = 16.0;
				MARKETING_VERSION = 1.0;
				MTL_ENABLE_DEBUG_INFO = NO;
				MTL_FAST_MATH = YES;
				PRODUCT_BUNDLE_IDENTIFIER = "com.milenaalcantara.FiveSenses-iOSTests";
				PRODUCT_NAME = "$(TARGET_NAME)";
				SDKROOT = iphoneos;
				SUPPORTED_PLATFORMS = "iphoneos iphonesimulator";
				SUPPORTS_MACCATALYST = NO;
				SUPPORTS_MAC_DESIGNED_FOR_IPHONE_IPAD = NO;
				SWIFT_COMPILATION_MODE = wholemodule;
				SWIFT_EMIT_LOC_STRINGS = NO;
				SWIFT_OPTIMIZATION_LEVEL = "-O";
				SWIFT_VERSION = 5.0;
				TARGETED_DEVICE_FAMILY = 1;
				TEST_HOST = "$(BUILT_PRODUCTS_DIR)/FiveSenses-iOS.app/$(BUNDLE_EXECUTABLE_FOLDER_PATH)/FiveSenses-iOS";
				VALIDATE_PRODUCT = YES;
			};
			name = Release;
		};
		F378ECE22A2F713300FE9584 /* Debug */ = {
			isa = XCBuildConfiguration;
			buildSettings = {
				ALWAYS_EMBED_SWIFT_STANDARD_LIBRARIES = YES;
				ALWAYS_SEARCH_USER_PATHS = NO;
				CLANG_ANALYZER_NONNULL = YES;
				CLANG_ANALYZER_NUMBER_OBJECT_CONVERSION = YES_AGGRESSIVE;
				CLANG_CXX_LANGUAGE_STANDARD = "gnu++20";
				CLANG_ENABLE_MODULES = YES;
				CLANG_ENABLE_OBJC_ARC = YES;
				CLANG_ENABLE_OBJC_WEAK = YES;
				CLANG_WARN_BLOCK_CAPTURE_AUTORELEASING = YES;
				CLANG_WARN_BOOL_CONVERSION = YES;
				CLANG_WARN_COMMA = YES;
				CLANG_WARN_CONSTANT_CONVERSION = YES;
				CLANG_WARN_DEPRECATED_OBJC_IMPLEMENTATIONS = YES;
				CLANG_WARN_DIRECT_OBJC_ISA_USAGE = YES_ERROR;
				CLANG_WARN_DOCUMENTATION_COMMENTS = YES;
				CLANG_WARN_EMPTY_BODY = YES;
				CLANG_WARN_ENUM_CONVERSION = YES;
				CLANG_WARN_INFINITE_RECURSION = YES;
				CLANG_WARN_INT_CONVERSION = YES;
				CLANG_WARN_NON_LITERAL_NULL_CONVERSION = YES;
				CLANG_WARN_OBJC_IMPLICIT_RETAIN_SELF = YES;
				CLANG_WARN_OBJC_LITERAL_CONVERSION = YES;
				CLANG_WARN_OBJC_ROOT_CLASS = YES_ERROR;
				CLANG_WARN_QUOTED_INCLUDE_IN_FRAMEWORK_HEADER = YES;
				CLANG_WARN_RANGE_LOOP_ANALYSIS = YES;
				CLANG_WARN_STRICT_PROTOTYPES = YES;
				CLANG_WARN_SUSPICIOUS_MOVE = YES;
				CLANG_WARN_UNGUARDED_AVAILABILITY = YES_AGGRESSIVE;
				CLANG_WARN_UNREACHABLE_CODE = YES;
				CLANG_WARN__DUPLICATE_METHOD_MATCH = YES;
				CODE_SIGN_STYLE = Automatic;
				COPY_PHASE_STRIP = NO;
				CURRENT_PROJECT_VERSION = 1;
				DEBUG_INFORMATION_FORMAT = dwarf;
				DEVELOPMENT_TEAM = 2P65JA735T;
				ENABLE_STRICT_OBJC_MSGSEND = YES;
				ENABLE_TESTABILITY = YES;
				GCC_C_LANGUAGE_STANDARD = gnu11;
				GCC_DYNAMIC_NO_PIC = NO;
				GCC_NO_COMMON_BLOCKS = YES;
				GCC_OPTIMIZATION_LEVEL = 0;
				GCC_PREPROCESSOR_DEFINITIONS = (
					"DEBUG=1",
					"$(inherited)",
				);
				GCC_WARN_64_TO_32_BIT_CONVERSION = YES;
				GCC_WARN_ABOUT_RETURN_TYPE = YES_ERROR;
				GCC_WARN_UNDECLARED_SELECTOR = YES;
				GCC_WARN_UNINITIALIZED_AUTOS = YES_AGGRESSIVE;
				GCC_WARN_UNUSED_FUNCTION = YES;
				GCC_WARN_UNUSED_VARIABLE = YES;
				GENERATE_INFOPLIST_FILE = YES;
				IPHONEOS_DEPLOYMENT_TARGET = 16.0;
				MARKETING_VERSION = 1.0;
				MTL_ENABLE_DEBUG_INFO = INCLUDE_SOURCE;
				MTL_FAST_MATH = YES;
				ONLY_ACTIVE_ARCH = YES;
				PRODUCT_BUNDLE_IDENTIFIER = "com.milenaalcantara.FiveSenses-iOSUITests";
				PRODUCT_NAME = "$(TARGET_NAME)";
				SDKROOT = iphoneos;
				SUPPORTED_PLATFORMS = "iphoneos iphonesimulator";
				SUPPORTS_MACCATALYST = NO;
				SUPPORTS_MAC_DESIGNED_FOR_IPHONE_IPAD = NO;
				SWIFT_ACTIVE_COMPILATION_CONDITIONS = DEBUG;
				SWIFT_EMIT_LOC_STRINGS = NO;
				SWIFT_OPTIMIZATION_LEVEL = "-Onone";
				SWIFT_VERSION = 5.0;
				TARGETED_DEVICE_FAMILY = 1;
				TEST_TARGET_NAME = "FiveSenses-iOS";
			};
			name = Debug;
		};
		F378ECE32A2F713300FE9584 /* Release */ = {
			isa = XCBuildConfiguration;
			buildSettings = {
				ALWAYS_EMBED_SWIFT_STANDARD_LIBRARIES = YES;
				ALWAYS_SEARCH_USER_PATHS = NO;
				CLANG_ANALYZER_NONNULL = YES;
				CLANG_ANALYZER_NUMBER_OBJECT_CONVERSION = YES_AGGRESSIVE;
				CLANG_CXX_LANGUAGE_STANDARD = "gnu++20";
				CLANG_ENABLE_MODULES = YES;
				CLANG_ENABLE_OBJC_ARC = YES;
				CLANG_ENABLE_OBJC_WEAK = YES;
				CLANG_WARN_BLOCK_CAPTURE_AUTORELEASING = YES;
				CLANG_WARN_BOOL_CONVERSION = YES;
				CLANG_WARN_COMMA = YES;
				CLANG_WARN_CONSTANT_CONVERSION = YES;
				CLANG_WARN_DEPRECATED_OBJC_IMPLEMENTATIONS = YES;
				CLANG_WARN_DIRECT_OBJC_ISA_USAGE = YES_ERROR;
				CLANG_WARN_DOCUMENTATION_COMMENTS = YES;
				CLANG_WARN_EMPTY_BODY = YES;
				CLANG_WARN_ENUM_CONVERSION = YES;
				CLANG_WARN_INFINITE_RECURSION = YES;
				CLANG_WARN_INT_CONVERSION = YES;
				CLANG_WARN_NON_LITERAL_NULL_CONVERSION = YES;
				CLANG_WARN_OBJC_IMPLICIT_RETAIN_SELF = YES;
				CLANG_WARN_OBJC_LITERAL_CONVERSION = YES;
				CLANG_WARN_OBJC_ROOT_CLASS = YES_ERROR;
				CLANG_WARN_QUOTED_INCLUDE_IN_FRAMEWORK_HEADER = YES;
				CLANG_WARN_RANGE_LOOP_ANALYSIS = YES;
				CLANG_WARN_STRICT_PROTOTYPES = YES;
				CLANG_WARN_SUSPICIOUS_MOVE = YES;
				CLANG_WARN_UNGUARDED_AVAILABILITY = YES_AGGRESSIVE;
				CLANG_WARN_UNREACHABLE_CODE = YES;
				CLANG_WARN__DUPLICATE_METHOD_MATCH = YES;
				CODE_SIGN_STYLE = Automatic;
				COPY_PHASE_STRIP = NO;
				CURRENT_PROJECT_VERSION = 1;
				DEBUG_INFORMATION_FORMAT = "dwarf-with-dsym";
				DEVELOPMENT_TEAM = 2P65JA735T;
				ENABLE_NS_ASSERTIONS = NO;
				ENABLE_STRICT_OBJC_MSGSEND = YES;
				GCC_C_LANGUAGE_STANDARD = gnu11;
				GCC_NO_COMMON_BLOCKS = YES;
				GCC_WARN_64_TO_32_BIT_CONVERSION = YES;
				GCC_WARN_ABOUT_RETURN_TYPE = YES_ERROR;
				GCC_WARN_UNDECLARED_SELECTOR = YES;
				GCC_WARN_UNINITIALIZED_AUTOS = YES_AGGRESSIVE;
				GCC_WARN_UNUSED_FUNCTION = YES;
				GCC_WARN_UNUSED_VARIABLE = YES;
				GENERATE_INFOPLIST_FILE = YES;
				IPHONEOS_DEPLOYMENT_TARGET = 16.0;
				MARKETING_VERSION = 1.0;
				MTL_ENABLE_DEBUG_INFO = NO;
				MTL_FAST_MATH = YES;
				PRODUCT_BUNDLE_IDENTIFIER = "com.milenaalcantara.FiveSenses-iOSUITests";
				PRODUCT_NAME = "$(TARGET_NAME)";
				SDKROOT = iphoneos;
				SUPPORTED_PLATFORMS = "iphoneos iphonesimulator";
				SUPPORTS_MACCATALYST = NO;
				SUPPORTS_MAC_DESIGNED_FOR_IPHONE_IPAD = NO;
				SWIFT_COMPILATION_MODE = wholemodule;
				SWIFT_EMIT_LOC_STRINGS = NO;
				SWIFT_OPTIMIZATION_LEVEL = "-O";
				SWIFT_VERSION = 5.0;
				TARGETED_DEVICE_FAMILY = 1;
				TEST_TARGET_NAME = "FiveSenses-iOS";
				VALIDATE_PRODUCT = YES;
			};
			name = Release;
		};
		F378ED702A2F765E00FE9584 /* Debug */ = {
			isa = XCBuildConfiguration;
			buildSettings = {
				ALWAYS_SEARCH_USER_PATHS = NO;
				ASSETCATALOG_COMPILER_APPICON_NAME = AppIcon;
				ASSETCATALOG_COMPILER_GLOBAL_ACCENT_COLOR_NAME = AccentColor;
				CLANG_ANALYZER_NONNULL = YES;
				CLANG_ANALYZER_NUMBER_OBJECT_CONVERSION = YES_AGGRESSIVE;
				CLANG_CXX_LANGUAGE_STANDARD = "gnu++20";
				CLANG_ENABLE_MODULES = YES;
				CLANG_ENABLE_OBJC_ARC = YES;
				CLANG_ENABLE_OBJC_WEAK = YES;
				CLANG_WARN_BLOCK_CAPTURE_AUTORELEASING = YES;
				CLANG_WARN_BOOL_CONVERSION = YES;
				CLANG_WARN_COMMA = YES;
				CLANG_WARN_CONSTANT_CONVERSION = YES;
				CLANG_WARN_DEPRECATED_OBJC_IMPLEMENTATIONS = YES;
				CLANG_WARN_DIRECT_OBJC_ISA_USAGE = YES_ERROR;
				CLANG_WARN_DOCUMENTATION_COMMENTS = YES;
				CLANG_WARN_EMPTY_BODY = YES;
				CLANG_WARN_ENUM_CONVERSION = YES;
				CLANG_WARN_INFINITE_RECURSION = YES;
				CLANG_WARN_INT_CONVERSION = YES;
				CLANG_WARN_NON_LITERAL_NULL_CONVERSION = YES;
				CLANG_WARN_OBJC_IMPLICIT_RETAIN_SELF = YES;
				CLANG_WARN_OBJC_LITERAL_CONVERSION = YES;
				CLANG_WARN_OBJC_ROOT_CLASS = YES_ERROR;
				CLANG_WARN_QUOTED_INCLUDE_IN_FRAMEWORK_HEADER = YES;
				CLANG_WARN_RANGE_LOOP_ANALYSIS = YES;
				CLANG_WARN_STRICT_PROTOTYPES = YES;
				CLANG_WARN_SUSPICIOUS_MOVE = YES;
				CLANG_WARN_UNGUARDED_AVAILABILITY = YES_AGGRESSIVE;
				CLANG_WARN_UNREACHABLE_CODE = YES;
				CLANG_WARN__DUPLICATE_METHOD_MATCH = YES;
				CODE_SIGN_ENTITLEMENTS = "FiveSenses-WatchOS Watch App/FiveSenses-WatchOS_Watch_App.entitlements";
				CODE_SIGN_STYLE = Automatic;
				COPY_PHASE_STRIP = NO;
				CURRENT_PROJECT_VERSION = 2;
				DEBUG_INFORMATION_FORMAT = dwarf;
				DEVELOPMENT_ASSET_PATHS = "\"FiveSenses-WatchOS Watch App/Preview Content\"";
				DEVELOPMENT_TEAM = 2P65JA735T;
				ENABLE_PREVIEWS = YES;
				ENABLE_STRICT_OBJC_MSGSEND = YES;
				ENABLE_TESTABILITY = YES;
				GCC_C_LANGUAGE_STANDARD = gnu11;
				GCC_DYNAMIC_NO_PIC = NO;
				GCC_NO_COMMON_BLOCKS = YES;
				GCC_OPTIMIZATION_LEVEL = 0;
				GCC_PREPROCESSOR_DEFINITIONS = (
					"DEBUG=1",
					"$(inherited)",
				);
				GCC_WARN_64_TO_32_BIT_CONVERSION = YES;
				GCC_WARN_ABOUT_RETURN_TYPE = YES_ERROR;
				GCC_WARN_UNDECLARED_SELECTOR = YES;
				GCC_WARN_UNINITIALIZED_AUTOS = YES_AGGRESSIVE;
				GCC_WARN_UNUSED_FUNCTION = YES;
				GCC_WARN_UNUSED_VARIABLE = YES;
				GENERATE_INFOPLIST_FILE = YES;
				INFOPLIST_FILE = "FiveSenses-WatchOS-Watch-App-Info.plist";
				INFOPLIST_KEY_CFBundleDisplayName = 5Senses;
				INFOPLIST_KEY_LSApplicationCategoryType = "public.app-category.lifestyle";
				INFOPLIST_KEY_NSLocationWhenInUseUsageDescription = "This app uses your location to personalize your app experience";
				INFOPLIST_KEY_UISupportedInterfaceOrientations = "UIInterfaceOrientationPortrait UIInterfaceOrientationPortraitUpsideDown";
				INFOPLIST_KEY_WKWatchOnly = YES;
				LD_RUNPATH_SEARCH_PATHS = (
					"$(inherited)",
					"@executable_path/Frameworks",
				);
				MARKETING_VERSION = 1.0;
				MTL_ENABLE_DEBUG_INFO = INCLUDE_SOURCE;
				MTL_FAST_MATH = YES;
				ONLY_ACTIVE_ARCH = YES;
				PRODUCT_BUNDLE_IDENTIFIER = com.milenaalcantara.FiveSensesWatchOS2.watchkitapp;
				PRODUCT_NAME = "$(TARGET_NAME)";
				SDKROOT = watchos;
				SKIP_INSTALL = YES;
				SWIFT_ACTIVE_COMPILATION_CONDITIONS = DEBUG;
				SWIFT_EMIT_LOC_STRINGS = YES;
				SWIFT_OPTIMIZATION_LEVEL = "-Onone";
				SWIFT_VERSION = 5.0;
				TARGETED_DEVICE_FAMILY = 4;
				WATCHOS_DEPLOYMENT_TARGET = 9.0;
			};
			name = Debug;
		};
		F378ED712A2F765E00FE9584 /* Release */ = {
			isa = XCBuildConfiguration;
			buildSettings = {
				ALWAYS_SEARCH_USER_PATHS = NO;
				ASSETCATALOG_COMPILER_APPICON_NAME = AppIcon;
				ASSETCATALOG_COMPILER_GLOBAL_ACCENT_COLOR_NAME = AccentColor;
				CLANG_ANALYZER_NONNULL = YES;
				CLANG_ANALYZER_NUMBER_OBJECT_CONVERSION = YES_AGGRESSIVE;
				CLANG_CXX_LANGUAGE_STANDARD = "gnu++20";
				CLANG_ENABLE_MODULES = YES;
				CLANG_ENABLE_OBJC_ARC = YES;
				CLANG_ENABLE_OBJC_WEAK = YES;
				CLANG_WARN_BLOCK_CAPTURE_AUTORELEASING = YES;
				CLANG_WARN_BOOL_CONVERSION = YES;
				CLANG_WARN_COMMA = YES;
				CLANG_WARN_CONSTANT_CONVERSION = YES;
				CLANG_WARN_DEPRECATED_OBJC_IMPLEMENTATIONS = YES;
				CLANG_WARN_DIRECT_OBJC_ISA_USAGE = YES_ERROR;
				CLANG_WARN_DOCUMENTATION_COMMENTS = YES;
				CLANG_WARN_EMPTY_BODY = YES;
				CLANG_WARN_ENUM_CONVERSION = YES;
				CLANG_WARN_INFINITE_RECURSION = YES;
				CLANG_WARN_INT_CONVERSION = YES;
				CLANG_WARN_NON_LITERAL_NULL_CONVERSION = YES;
				CLANG_WARN_OBJC_IMPLICIT_RETAIN_SELF = YES;
				CLANG_WARN_OBJC_LITERAL_CONVERSION = YES;
				CLANG_WARN_OBJC_ROOT_CLASS = YES_ERROR;
				CLANG_WARN_QUOTED_INCLUDE_IN_FRAMEWORK_HEADER = YES;
				CLANG_WARN_RANGE_LOOP_ANALYSIS = YES;
				CLANG_WARN_STRICT_PROTOTYPES = YES;
				CLANG_WARN_SUSPICIOUS_MOVE = YES;
				CLANG_WARN_UNGUARDED_AVAILABILITY = YES_AGGRESSIVE;
				CLANG_WARN_UNREACHABLE_CODE = YES;
				CLANG_WARN__DUPLICATE_METHOD_MATCH = YES;
				CODE_SIGN_ENTITLEMENTS = "FiveSenses-WatchOS Watch App/FiveSenses-WatchOS_Watch_App.entitlements";
				CODE_SIGN_STYLE = Automatic;
				COPY_PHASE_STRIP = NO;
				CURRENT_PROJECT_VERSION = 2;
				DEBUG_INFORMATION_FORMAT = "dwarf-with-dsym";
				DEVELOPMENT_ASSET_PATHS = "\"FiveSenses-WatchOS Watch App/Preview Content\"";
				DEVELOPMENT_TEAM = 2P65JA735T;
				ENABLE_NS_ASSERTIONS = NO;
				ENABLE_PREVIEWS = YES;
				ENABLE_STRICT_OBJC_MSGSEND = YES;
				GCC_C_LANGUAGE_STANDARD = gnu11;
				GCC_NO_COMMON_BLOCKS = YES;
				GCC_WARN_64_TO_32_BIT_CONVERSION = YES;
				GCC_WARN_ABOUT_RETURN_TYPE = YES_ERROR;
				GCC_WARN_UNDECLARED_SELECTOR = YES;
				GCC_WARN_UNINITIALIZED_AUTOS = YES_AGGRESSIVE;
				GCC_WARN_UNUSED_FUNCTION = YES;
				GCC_WARN_UNUSED_VARIABLE = YES;
				GENERATE_INFOPLIST_FILE = YES;
				INFOPLIST_FILE = "FiveSenses-WatchOS-Watch-App-Info.plist";
				INFOPLIST_KEY_CFBundleDisplayName = 5Senses;
				INFOPLIST_KEY_LSApplicationCategoryType = "public.app-category.lifestyle";
				INFOPLIST_KEY_NSLocationWhenInUseUsageDescription = "This app uses your location to personalize your app experience";
				INFOPLIST_KEY_UISupportedInterfaceOrientations = "UIInterfaceOrientationPortrait UIInterfaceOrientationPortraitUpsideDown";
				INFOPLIST_KEY_WKWatchOnly = YES;
				LD_RUNPATH_SEARCH_PATHS = (
					"$(inherited)",
					"@executable_path/Frameworks",
				);
				MARKETING_VERSION = 1.0;
				MTL_ENABLE_DEBUG_INFO = NO;
				MTL_FAST_MATH = YES;
				PRODUCT_BUNDLE_IDENTIFIER = com.milenaalcantara.FiveSensesWatchOS2.watchkitapp;
				PRODUCT_NAME = "$(TARGET_NAME)";
				SDKROOT = watchos;
				SKIP_INSTALL = YES;
				SWIFT_COMPILATION_MODE = wholemodule;
				SWIFT_EMIT_LOC_STRINGS = YES;
				SWIFT_OPTIMIZATION_LEVEL = "-O";
				SWIFT_VERSION = 5.0;
				TARGETED_DEVICE_FAMILY = 4;
				VALIDATE_PRODUCT = YES;
				WATCHOS_DEPLOYMENT_TARGET = 9.0;
			};
			name = Release;
		};
		F378ED742A2F765E00FE9584 /* Debug */ = {
			isa = XCBuildConfiguration;
			buildSettings = {
				ALWAYS_EMBED_SWIFT_STANDARD_LIBRARIES = YES;
				ALWAYS_SEARCH_USER_PATHS = NO;
				CLANG_ANALYZER_NONNULL = YES;
				CLANG_ANALYZER_NUMBER_OBJECT_CONVERSION = YES_AGGRESSIVE;
				CLANG_CXX_LANGUAGE_STANDARD = "gnu++20";
				CLANG_ENABLE_MODULES = YES;
				CLANG_ENABLE_OBJC_ARC = YES;
				CLANG_ENABLE_OBJC_WEAK = YES;
				CLANG_WARN_BLOCK_CAPTURE_AUTORELEASING = YES;
				CLANG_WARN_BOOL_CONVERSION = YES;
				CLANG_WARN_COMMA = YES;
				CLANG_WARN_CONSTANT_CONVERSION = YES;
				CLANG_WARN_DEPRECATED_OBJC_IMPLEMENTATIONS = YES;
				CLANG_WARN_DIRECT_OBJC_ISA_USAGE = YES_ERROR;
				CLANG_WARN_DOCUMENTATION_COMMENTS = YES;
				CLANG_WARN_EMPTY_BODY = YES;
				CLANG_WARN_ENUM_CONVERSION = YES;
				CLANG_WARN_INFINITE_RECURSION = YES;
				CLANG_WARN_INT_CONVERSION = YES;
				CLANG_WARN_NON_LITERAL_NULL_CONVERSION = YES;
				CLANG_WARN_OBJC_IMPLICIT_RETAIN_SELF = YES;
				CLANG_WARN_OBJC_LITERAL_CONVERSION = YES;
				CLANG_WARN_OBJC_ROOT_CLASS = YES_ERROR;
				CLANG_WARN_QUOTED_INCLUDE_IN_FRAMEWORK_HEADER = YES;
				CLANG_WARN_RANGE_LOOP_ANALYSIS = YES;
				CLANG_WARN_STRICT_PROTOTYPES = YES;
				CLANG_WARN_SUSPICIOUS_MOVE = YES;
				CLANG_WARN_UNGUARDED_AVAILABILITY = YES_AGGRESSIVE;
				CLANG_WARN_UNREACHABLE_CODE = YES;
				CLANG_WARN__DUPLICATE_METHOD_MATCH = YES;
				CODE_SIGN_STYLE = Automatic;
				COPY_PHASE_STRIP = NO;
				CURRENT_PROJECT_VERSION = 1;
				DEBUG_INFORMATION_FORMAT = dwarf;
				DEVELOPMENT_TEAM = 2P65JA735T;
				ENABLE_STRICT_OBJC_MSGSEND = YES;
				ENABLE_TESTABILITY = YES;
				GCC_C_LANGUAGE_STANDARD = gnu11;
				GCC_DYNAMIC_NO_PIC = NO;
				GCC_NO_COMMON_BLOCKS = YES;
				GCC_OPTIMIZATION_LEVEL = 0;
				GCC_PREPROCESSOR_DEFINITIONS = (
					"DEBUG=1",
					"$(inherited)",
				);
				GCC_WARN_64_TO_32_BIT_CONVERSION = YES;
				GCC_WARN_ABOUT_RETURN_TYPE = YES_ERROR;
				GCC_WARN_UNDECLARED_SELECTOR = YES;
				GCC_WARN_UNINITIALIZED_AUTOS = YES_AGGRESSIVE;
				GCC_WARN_UNUSED_FUNCTION = YES;
				GCC_WARN_UNUSED_VARIABLE = YES;
				INFOPLIST_KEY_CFBundleDisplayName = 5Senses;
				IPHONEOS_DEPLOYMENT_TARGET = 16.0;
				MARKETING_VERSION = 1.0;
				MTL_ENABLE_DEBUG_INFO = INCLUDE_SOURCE;
				MTL_FAST_MATH = YES;
				ONLY_ACTIVE_ARCH = YES;
				PRODUCT_BUNDLE_IDENTIFIER = com.milenaalcantara.FiveSensesWatchOS;
				PRODUCT_NAME = "$(TARGET_NAME)";
				SDKROOT = iphoneos;
				SUPPORTED_PLATFORMS = "iphoneos iphonesimulator watchos watchsimulator";
				SUPPORTS_MACCATALYST = NO;
				SUPPORTS_MAC_DESIGNED_FOR_IPHONE_IPAD = NO;
				SWIFT_ACTIVE_COMPILATION_CONDITIONS = DEBUG;
				SWIFT_OPTIMIZATION_LEVEL = "-Onone";
				SWIFT_VERSION = 5.0;
				TARGETED_DEVICE_FAMILY = "1,4";
				WATCHOS_DEPLOYMENT_TARGET = 9.0;
			};
			name = Debug;
		};
		F378ED752A2F765E00FE9584 /* Release */ = {
			isa = XCBuildConfiguration;
			buildSettings = {
				ALWAYS_EMBED_SWIFT_STANDARD_LIBRARIES = YES;
				ALWAYS_SEARCH_USER_PATHS = NO;
				CLANG_ANALYZER_NONNULL = YES;
				CLANG_ANALYZER_NUMBER_OBJECT_CONVERSION = YES_AGGRESSIVE;
				CLANG_CXX_LANGUAGE_STANDARD = "gnu++20";
				CLANG_ENABLE_MODULES = YES;
				CLANG_ENABLE_OBJC_ARC = YES;
				CLANG_ENABLE_OBJC_WEAK = YES;
				CLANG_WARN_BLOCK_CAPTURE_AUTORELEASING = YES;
				CLANG_WARN_BOOL_CONVERSION = YES;
				CLANG_WARN_COMMA = YES;
				CLANG_WARN_CONSTANT_CONVERSION = YES;
				CLANG_WARN_DEPRECATED_OBJC_IMPLEMENTATIONS = YES;
				CLANG_WARN_DIRECT_OBJC_ISA_USAGE = YES_ERROR;
				CLANG_WARN_DOCUMENTATION_COMMENTS = YES;
				CLANG_WARN_EMPTY_BODY = YES;
				CLANG_WARN_ENUM_CONVERSION = YES;
				CLANG_WARN_INFINITE_RECURSION = YES;
				CLANG_WARN_INT_CONVERSION = YES;
				CLANG_WARN_NON_LITERAL_NULL_CONVERSION = YES;
				CLANG_WARN_OBJC_IMPLICIT_RETAIN_SELF = YES;
				CLANG_WARN_OBJC_LITERAL_CONVERSION = YES;
				CLANG_WARN_OBJC_ROOT_CLASS = YES_ERROR;
				CLANG_WARN_QUOTED_INCLUDE_IN_FRAMEWORK_HEADER = YES;
				CLANG_WARN_RANGE_LOOP_ANALYSIS = YES;
				CLANG_WARN_STRICT_PROTOTYPES = YES;
				CLANG_WARN_SUSPICIOUS_MOVE = YES;
				CLANG_WARN_UNGUARDED_AVAILABILITY = YES_AGGRESSIVE;
				CLANG_WARN_UNREACHABLE_CODE = YES;
				CLANG_WARN__DUPLICATE_METHOD_MATCH = YES;
				CODE_SIGN_STYLE = Automatic;
				COPY_PHASE_STRIP = NO;
				CURRENT_PROJECT_VERSION = 1;
				DEBUG_INFORMATION_FORMAT = "dwarf-with-dsym";
				DEVELOPMENT_TEAM = 2P65JA735T;
				ENABLE_NS_ASSERTIONS = NO;
				ENABLE_STRICT_OBJC_MSGSEND = YES;
				GCC_C_LANGUAGE_STANDARD = gnu11;
				GCC_NO_COMMON_BLOCKS = YES;
				GCC_WARN_64_TO_32_BIT_CONVERSION = YES;
				GCC_WARN_ABOUT_RETURN_TYPE = YES_ERROR;
				GCC_WARN_UNDECLARED_SELECTOR = YES;
				GCC_WARN_UNINITIALIZED_AUTOS = YES_AGGRESSIVE;
				GCC_WARN_UNUSED_FUNCTION = YES;
				GCC_WARN_UNUSED_VARIABLE = YES;
				INFOPLIST_KEY_CFBundleDisplayName = 5Senses;
				IPHONEOS_DEPLOYMENT_TARGET = 16.0;
				MARKETING_VERSION = 1.0;
				MTL_ENABLE_DEBUG_INFO = NO;
				MTL_FAST_MATH = YES;
				PRODUCT_BUNDLE_IDENTIFIER = com.milenaalcantara.FiveSensesWatchOS;
				PRODUCT_NAME = "$(TARGET_NAME)";
				SDKROOT = iphoneos;
				SUPPORTED_PLATFORMS = "iphoneos iphonesimulator watchos watchsimulator";
				SUPPORTS_MACCATALYST = NO;
				SUPPORTS_MAC_DESIGNED_FOR_IPHONE_IPAD = NO;
				SWIFT_COMPILATION_MODE = wholemodule;
				SWIFT_OPTIMIZATION_LEVEL = "-O";
				SWIFT_VERSION = 5.0;
				TARGETED_DEVICE_FAMILY = "1,4";
				VALIDATE_PRODUCT = YES;
				WATCHOS_DEPLOYMENT_TARGET = 9.0;
			};
			name = Release;
		};
		F378ED772A2F765E00FE9584 /* Debug */ = {
			isa = XCBuildConfiguration;
			buildSettings = {
				ALWAYS_EMBED_SWIFT_STANDARD_LIBRARIES = YES;
				ALWAYS_SEARCH_USER_PATHS = NO;
				BUNDLE_LOADER = "$(TEST_HOST)";
				CLANG_ANALYZER_NONNULL = YES;
				CLANG_ANALYZER_NUMBER_OBJECT_CONVERSION = YES_AGGRESSIVE;
				CLANG_CXX_LANGUAGE_STANDARD = "gnu++20";
				CLANG_ENABLE_MODULES = YES;
				CLANG_ENABLE_OBJC_ARC = YES;
				CLANG_ENABLE_OBJC_WEAK = YES;
				CLANG_WARN_BLOCK_CAPTURE_AUTORELEASING = YES;
				CLANG_WARN_BOOL_CONVERSION = YES;
				CLANG_WARN_COMMA = YES;
				CLANG_WARN_CONSTANT_CONVERSION = YES;
				CLANG_WARN_DEPRECATED_OBJC_IMPLEMENTATIONS = YES;
				CLANG_WARN_DIRECT_OBJC_ISA_USAGE = YES_ERROR;
				CLANG_WARN_DOCUMENTATION_COMMENTS = YES;
				CLANG_WARN_EMPTY_BODY = YES;
				CLANG_WARN_ENUM_CONVERSION = YES;
				CLANG_WARN_INFINITE_RECURSION = YES;
				CLANG_WARN_INT_CONVERSION = YES;
				CLANG_WARN_NON_LITERAL_NULL_CONVERSION = YES;
				CLANG_WARN_OBJC_IMPLICIT_RETAIN_SELF = YES;
				CLANG_WARN_OBJC_LITERAL_CONVERSION = YES;
				CLANG_WARN_OBJC_ROOT_CLASS = YES_ERROR;
				CLANG_WARN_QUOTED_INCLUDE_IN_FRAMEWORK_HEADER = YES;
				CLANG_WARN_RANGE_LOOP_ANALYSIS = YES;
				CLANG_WARN_STRICT_PROTOTYPES = YES;
				CLANG_WARN_SUSPICIOUS_MOVE = YES;
				CLANG_WARN_UNGUARDED_AVAILABILITY = YES_AGGRESSIVE;
				CLANG_WARN_UNREACHABLE_CODE = YES;
				CLANG_WARN__DUPLICATE_METHOD_MATCH = YES;
				CODE_SIGN_STYLE = Automatic;
				COPY_PHASE_STRIP = NO;
				CURRENT_PROJECT_VERSION = 1;
				DEBUG_INFORMATION_FORMAT = dwarf;
				DEVELOPMENT_TEAM = 2P65JA735T;
				ENABLE_STRICT_OBJC_MSGSEND = YES;
				ENABLE_TESTABILITY = YES;
				GCC_C_LANGUAGE_STANDARD = gnu11;
				GCC_DYNAMIC_NO_PIC = NO;
				GCC_NO_COMMON_BLOCKS = YES;
				GCC_OPTIMIZATION_LEVEL = 0;
				GCC_PREPROCESSOR_DEFINITIONS = (
					"DEBUG=1",
					"$(inherited)",
				);
				GCC_WARN_64_TO_32_BIT_CONVERSION = YES;
				GCC_WARN_ABOUT_RETURN_TYPE = YES_ERROR;
				GCC_WARN_UNDECLARED_SELECTOR = YES;
				GCC_WARN_UNINITIALIZED_AUTOS = YES_AGGRESSIVE;
				GCC_WARN_UNUSED_FUNCTION = YES;
				GCC_WARN_UNUSED_VARIABLE = YES;
				GENERATE_INFOPLIST_FILE = YES;
				MARKETING_VERSION = 1.0;
				MTL_ENABLE_DEBUG_INFO = INCLUDE_SOURCE;
				MTL_FAST_MATH = YES;
				ONLY_ACTIVE_ARCH = YES;
				PRODUCT_BUNDLE_IDENTIFIER = "com.milenaalcantara.FiveSenses-WatchOS-Watch-AppTests";
				PRODUCT_NAME = "$(TARGET_NAME)";
				SDKROOT = watchos;
				SWIFT_ACTIVE_COMPILATION_CONDITIONS = DEBUG;
				SWIFT_EMIT_LOC_STRINGS = NO;
				SWIFT_OPTIMIZATION_LEVEL = "-Onone";
				SWIFT_VERSION = 5.0;
				TARGETED_DEVICE_FAMILY = 4;
				TEST_HOST = "$(BUILT_PRODUCTS_DIR)/FiveSenses-WatchOS Watch App.app/$(BUNDLE_EXECUTABLE_FOLDER_PATH)/FiveSenses-WatchOS Watch App";
				WATCHOS_DEPLOYMENT_TARGET = 9.0;
			};
			name = Debug;
		};
		F378ED782A2F765E00FE9584 /* Release */ = {
			isa = XCBuildConfiguration;
			buildSettings = {
				ALWAYS_EMBED_SWIFT_STANDARD_LIBRARIES = YES;
				ALWAYS_SEARCH_USER_PATHS = NO;
				BUNDLE_LOADER = "$(TEST_HOST)";
				CLANG_ANALYZER_NONNULL = YES;
				CLANG_ANALYZER_NUMBER_OBJECT_CONVERSION = YES_AGGRESSIVE;
				CLANG_CXX_LANGUAGE_STANDARD = "gnu++20";
				CLANG_ENABLE_MODULES = YES;
				CLANG_ENABLE_OBJC_ARC = YES;
				CLANG_ENABLE_OBJC_WEAK = YES;
				CLANG_WARN_BLOCK_CAPTURE_AUTORELEASING = YES;
				CLANG_WARN_BOOL_CONVERSION = YES;
				CLANG_WARN_COMMA = YES;
				CLANG_WARN_CONSTANT_CONVERSION = YES;
				CLANG_WARN_DEPRECATED_OBJC_IMPLEMENTATIONS = YES;
				CLANG_WARN_DIRECT_OBJC_ISA_USAGE = YES_ERROR;
				CLANG_WARN_DOCUMENTATION_COMMENTS = YES;
				CLANG_WARN_EMPTY_BODY = YES;
				CLANG_WARN_ENUM_CONVERSION = YES;
				CLANG_WARN_INFINITE_RECURSION = YES;
				CLANG_WARN_INT_CONVERSION = YES;
				CLANG_WARN_NON_LITERAL_NULL_CONVERSION = YES;
				CLANG_WARN_OBJC_IMPLICIT_RETAIN_SELF = YES;
				CLANG_WARN_OBJC_LITERAL_CONVERSION = YES;
				CLANG_WARN_OBJC_ROOT_CLASS = YES_ERROR;
				CLANG_WARN_QUOTED_INCLUDE_IN_FRAMEWORK_HEADER = YES;
				CLANG_WARN_RANGE_LOOP_ANALYSIS = YES;
				CLANG_WARN_STRICT_PROTOTYPES = YES;
				CLANG_WARN_SUSPICIOUS_MOVE = YES;
				CLANG_WARN_UNGUARDED_AVAILABILITY = YES_AGGRESSIVE;
				CLANG_WARN_UNREACHABLE_CODE = YES;
				CLANG_WARN__DUPLICATE_METHOD_MATCH = YES;
				CODE_SIGN_STYLE = Automatic;
				COPY_PHASE_STRIP = NO;
				CURRENT_PROJECT_VERSION = 1;
				DEBUG_INFORMATION_FORMAT = "dwarf-with-dsym";
				DEVELOPMENT_TEAM = 2P65JA735T;
				ENABLE_NS_ASSERTIONS = NO;
				ENABLE_STRICT_OBJC_MSGSEND = YES;
				GCC_C_LANGUAGE_STANDARD = gnu11;
				GCC_NO_COMMON_BLOCKS = YES;
				GCC_WARN_64_TO_32_BIT_CONVERSION = YES;
				GCC_WARN_ABOUT_RETURN_TYPE = YES_ERROR;
				GCC_WARN_UNDECLARED_SELECTOR = YES;
				GCC_WARN_UNINITIALIZED_AUTOS = YES_AGGRESSIVE;
				GCC_WARN_UNUSED_FUNCTION = YES;
				GCC_WARN_UNUSED_VARIABLE = YES;
				GENERATE_INFOPLIST_FILE = YES;
				MARKETING_VERSION = 1.0;
				MTL_ENABLE_DEBUG_INFO = NO;
				MTL_FAST_MATH = YES;
				PRODUCT_BUNDLE_IDENTIFIER = "com.milenaalcantara.FiveSenses-WatchOS-Watch-AppTests";
				PRODUCT_NAME = "$(TARGET_NAME)";
				SDKROOT = watchos;
				SWIFT_COMPILATION_MODE = wholemodule;
				SWIFT_EMIT_LOC_STRINGS = NO;
				SWIFT_OPTIMIZATION_LEVEL = "-O";
				SWIFT_VERSION = 5.0;
				TARGETED_DEVICE_FAMILY = 4;
				TEST_HOST = "$(BUILT_PRODUCTS_DIR)/FiveSenses-WatchOS Watch App.app/$(BUNDLE_EXECUTABLE_FOLDER_PATH)/FiveSenses-WatchOS Watch App";
				VALIDATE_PRODUCT = YES;
				WATCHOS_DEPLOYMENT_TARGET = 9.0;
			};
			name = Release;
		};
		F378ED7A2A2F765E00FE9584 /* Debug */ = {
			isa = XCBuildConfiguration;
			buildSettings = {
				ALWAYS_EMBED_SWIFT_STANDARD_LIBRARIES = YES;
				ALWAYS_SEARCH_USER_PATHS = NO;
				CLANG_ANALYZER_NONNULL = YES;
				CLANG_ANALYZER_NUMBER_OBJECT_CONVERSION = YES_AGGRESSIVE;
				CLANG_CXX_LANGUAGE_STANDARD = "gnu++20";
				CLANG_ENABLE_MODULES = YES;
				CLANG_ENABLE_OBJC_ARC = YES;
				CLANG_ENABLE_OBJC_WEAK = YES;
				CLANG_WARN_BLOCK_CAPTURE_AUTORELEASING = YES;
				CLANG_WARN_BOOL_CONVERSION = YES;
				CLANG_WARN_COMMA = YES;
				CLANG_WARN_CONSTANT_CONVERSION = YES;
				CLANG_WARN_DEPRECATED_OBJC_IMPLEMENTATIONS = YES;
				CLANG_WARN_DIRECT_OBJC_ISA_USAGE = YES_ERROR;
				CLANG_WARN_DOCUMENTATION_COMMENTS = YES;
				CLANG_WARN_EMPTY_BODY = YES;
				CLANG_WARN_ENUM_CONVERSION = YES;
				CLANG_WARN_INFINITE_RECURSION = YES;
				CLANG_WARN_INT_CONVERSION = YES;
				CLANG_WARN_NON_LITERAL_NULL_CONVERSION = YES;
				CLANG_WARN_OBJC_IMPLICIT_RETAIN_SELF = YES;
				CLANG_WARN_OBJC_LITERAL_CONVERSION = YES;
				CLANG_WARN_OBJC_ROOT_CLASS = YES_ERROR;
				CLANG_WARN_QUOTED_INCLUDE_IN_FRAMEWORK_HEADER = YES;
				CLANG_WARN_RANGE_LOOP_ANALYSIS = YES;
				CLANG_WARN_STRICT_PROTOTYPES = YES;
				CLANG_WARN_SUSPICIOUS_MOVE = YES;
				CLANG_WARN_UNGUARDED_AVAILABILITY = YES_AGGRESSIVE;
				CLANG_WARN_UNREACHABLE_CODE = YES;
				CLANG_WARN__DUPLICATE_METHOD_MATCH = YES;
				CODE_SIGN_STYLE = Automatic;
				COPY_PHASE_STRIP = NO;
				CURRENT_PROJECT_VERSION = 1;
				DEBUG_INFORMATION_FORMAT = dwarf;
				DEVELOPMENT_TEAM = U2M84KZ35U;
				ENABLE_STRICT_OBJC_MSGSEND = YES;
				ENABLE_TESTABILITY = YES;
				GCC_C_LANGUAGE_STANDARD = gnu11;
				GCC_DYNAMIC_NO_PIC = NO;
				GCC_NO_COMMON_BLOCKS = YES;
				GCC_OPTIMIZATION_LEVEL = 0;
				GCC_PREPROCESSOR_DEFINITIONS = (
					"DEBUG=1",
					"$(inherited)",
				);
				GCC_WARN_64_TO_32_BIT_CONVERSION = YES;
				GCC_WARN_ABOUT_RETURN_TYPE = YES_ERROR;
				GCC_WARN_UNDECLARED_SELECTOR = YES;
				GCC_WARN_UNINITIALIZED_AUTOS = YES_AGGRESSIVE;
				GCC_WARN_UNUSED_FUNCTION = YES;
				GCC_WARN_UNUSED_VARIABLE = YES;
				GENERATE_INFOPLIST_FILE = YES;
				MARKETING_VERSION = 1.0;
				MTL_ENABLE_DEBUG_INFO = INCLUDE_SOURCE;
				MTL_FAST_MATH = YES;
				ONLY_ACTIVE_ARCH = YES;
				PRODUCT_BUNDLE_IDENTIFIER = "com.milenaalcantara.FiveSenses-WatchOS-Watch-AppUITests";
				PRODUCT_NAME = "$(TARGET_NAME)";
				SDKROOT = watchos;
				SWIFT_ACTIVE_COMPILATION_CONDITIONS = DEBUG;
				SWIFT_EMIT_LOC_STRINGS = NO;
				SWIFT_OPTIMIZATION_LEVEL = "-Onone";
				SWIFT_VERSION = 5.0;
				TARGETED_DEVICE_FAMILY = 4;
				TEST_TARGET_NAME = "FiveSenses-WatchOS Watch App";
				WATCHOS_DEPLOYMENT_TARGET = 9.0;
			};
			name = Debug;
		};
		F378ED7B2A2F765E00FE9584 /* Release */ = {
			isa = XCBuildConfiguration;
			buildSettings = {
				ALWAYS_EMBED_SWIFT_STANDARD_LIBRARIES = YES;
				ALWAYS_SEARCH_USER_PATHS = NO;
				CLANG_ANALYZER_NONNULL = YES;
				CLANG_ANALYZER_NUMBER_OBJECT_CONVERSION = YES_AGGRESSIVE;
				CLANG_CXX_LANGUAGE_STANDARD = "gnu++20";
				CLANG_ENABLE_MODULES = YES;
				CLANG_ENABLE_OBJC_ARC = YES;
				CLANG_ENABLE_OBJC_WEAK = YES;
				CLANG_WARN_BLOCK_CAPTURE_AUTORELEASING = YES;
				CLANG_WARN_BOOL_CONVERSION = YES;
				CLANG_WARN_COMMA = YES;
				CLANG_WARN_CONSTANT_CONVERSION = YES;
				CLANG_WARN_DEPRECATED_OBJC_IMPLEMENTATIONS = YES;
				CLANG_WARN_DIRECT_OBJC_ISA_USAGE = YES_ERROR;
				CLANG_WARN_DOCUMENTATION_COMMENTS = YES;
				CLANG_WARN_EMPTY_BODY = YES;
				CLANG_WARN_ENUM_CONVERSION = YES;
				CLANG_WARN_INFINITE_RECURSION = YES;
				CLANG_WARN_INT_CONVERSION = YES;
				CLANG_WARN_NON_LITERAL_NULL_CONVERSION = YES;
				CLANG_WARN_OBJC_IMPLICIT_RETAIN_SELF = YES;
				CLANG_WARN_OBJC_LITERAL_CONVERSION = YES;
				CLANG_WARN_OBJC_ROOT_CLASS = YES_ERROR;
				CLANG_WARN_QUOTED_INCLUDE_IN_FRAMEWORK_HEADER = YES;
				CLANG_WARN_RANGE_LOOP_ANALYSIS = YES;
				CLANG_WARN_STRICT_PROTOTYPES = YES;
				CLANG_WARN_SUSPICIOUS_MOVE = YES;
				CLANG_WARN_UNGUARDED_AVAILABILITY = YES_AGGRESSIVE;
				CLANG_WARN_UNREACHABLE_CODE = YES;
				CLANG_WARN__DUPLICATE_METHOD_MATCH = YES;
				CODE_SIGN_STYLE = Automatic;
				COPY_PHASE_STRIP = NO;
				CURRENT_PROJECT_VERSION = 1;
				DEBUG_INFORMATION_FORMAT = "dwarf-with-dsym";
				DEVELOPMENT_TEAM = U2M84KZ35U;
				ENABLE_NS_ASSERTIONS = NO;
				ENABLE_STRICT_OBJC_MSGSEND = YES;
				GCC_C_LANGUAGE_STANDARD = gnu11;
				GCC_NO_COMMON_BLOCKS = YES;
				GCC_WARN_64_TO_32_BIT_CONVERSION = YES;
				GCC_WARN_ABOUT_RETURN_TYPE = YES_ERROR;
				GCC_WARN_UNDECLARED_SELECTOR = YES;
				GCC_WARN_UNINITIALIZED_AUTOS = YES_AGGRESSIVE;
				GCC_WARN_UNUSED_FUNCTION = YES;
				GCC_WARN_UNUSED_VARIABLE = YES;
				GENERATE_INFOPLIST_FILE = YES;
				MARKETING_VERSION = 1.0;
				MTL_ENABLE_DEBUG_INFO = NO;
				MTL_FAST_MATH = YES;
				PRODUCT_BUNDLE_IDENTIFIER = "com.milenaalcantara.FiveSenses-WatchOS-Watch-AppUITests";
				PRODUCT_NAME = "$(TARGET_NAME)";
				SDKROOT = watchos;
				SWIFT_COMPILATION_MODE = wholemodule;
				SWIFT_EMIT_LOC_STRINGS = NO;
				SWIFT_OPTIMIZATION_LEVEL = "-O";
				SWIFT_VERSION = 5.0;
				TARGETED_DEVICE_FAMILY = 4;
				TEST_TARGET_NAME = "FiveSenses-WatchOS Watch App";
				VALIDATE_PRODUCT = YES;
				WATCHOS_DEPLOYMENT_TARGET = 9.0;
			};
			name = Release;
		};
/* End XCBuildConfiguration section */

/* Begin XCConfigurationList section */
		F378ECB22A2F710700FE9584 /* Build configuration list for PBXProject "FiveSenses" */ = {
			isa = XCConfigurationList;
			buildConfigurations = (
				F378ECB32A2F710700FE9584 /* Debug */,
				F378ECB42A2F710700FE9584 /* Release */,
			);
			defaultConfigurationIsVisible = 0;
			defaultConfigurationName = Release;
		};
		F378ECDB2A2F713300FE9584 /* Build configuration list for PBXNativeTarget "FiveSenses-iOS" */ = {
			isa = XCConfigurationList;
			buildConfigurations = (
				F378ECDC2A2F713300FE9584 /* Debug */,
				F378ECDD2A2F713300FE9584 /* Release */,
			);
			defaultConfigurationIsVisible = 0;
			defaultConfigurationName = Release;
		};
		F378ECDE2A2F713300FE9584 /* Build configuration list for PBXNativeTarget "FiveSenses-iOSTests" */ = {
			isa = XCConfigurationList;
			buildConfigurations = (
				F378ECDF2A2F713300FE9584 /* Debug */,
				F378ECE02A2F713300FE9584 /* Release */,
			);
			defaultConfigurationIsVisible = 0;
			defaultConfigurationName = Release;
		};
		F378ECE12A2F713300FE9584 /* Build configuration list for PBXNativeTarget "FiveSenses-iOSUITests" */ = {
			isa = XCConfigurationList;
			buildConfigurations = (
				F378ECE22A2F713300FE9584 /* Debug */,
				F378ECE32A2F713300FE9584 /* Release */,
			);
			defaultConfigurationIsVisible = 0;
			defaultConfigurationName = Release;
		};
		F378ED6F2A2F765E00FE9584 /* Build configuration list for PBXNativeTarget "FiveSenses-WatchOS Watch App" */ = {
			isa = XCConfigurationList;
			buildConfigurations = (
				F378ED702A2F765E00FE9584 /* Debug */,
				F378ED712A2F765E00FE9584 /* Release */,
			);
			defaultConfigurationIsVisible = 0;
			defaultConfigurationName = Release;
		};
		F378ED732A2F765E00FE9584 /* Build configuration list for PBXNativeTarget "FiveSenses-WatchOS" */ = {
			isa = XCConfigurationList;
			buildConfigurations = (
				F378ED742A2F765E00FE9584 /* Debug */,
				F378ED752A2F765E00FE9584 /* Release */,
			);
			defaultConfigurationIsVisible = 0;
			defaultConfigurationName = Release;
		};
		F378ED762A2F765E00FE9584 /* Build configuration list for PBXNativeTarget "FiveSenses-WatchOS Watch AppTests" */ = {
			isa = XCConfigurationList;
			buildConfigurations = (
				F378ED772A2F765E00FE9584 /* Debug */,
				F378ED782A2F765E00FE9584 /* Release */,
			);
			defaultConfigurationIsVisible = 0;
			defaultConfigurationName = Release;
		};
		F378ED792A2F765E00FE9584 /* Build configuration list for PBXNativeTarget "FiveSenses-WatchOS Watch AppUITests" */ = {
			isa = XCConfigurationList;
			buildConfigurations = (
				F378ED7A2A2F765E00FE9584 /* Debug */,
				F378ED7B2A2F765E00FE9584 /* Release */,
			);
			defaultConfigurationIsVisible = 0;
			defaultConfigurationName = Release;
		};
/* End XCConfigurationList section */

/* Begin XCRemoteSwiftPackageReference section */
		08DE8BCC2A45389D00BF5E5A /* XCRemoteSwiftPackageReference "lottie-ios" */ = {
			isa = XCRemoteSwiftPackageReference;
			repositoryURL = "https://github.com/airbnb/lottie-ios";
			requirement = {
				branch = master;
				kind = branch;
			};
		};
/* End XCRemoteSwiftPackageReference section */

/* Begin XCSwiftPackageProductDependency section */
		08DE8BCD2A45389D00BF5E5A /* Lottie */ = {
			isa = XCSwiftPackageProductDependency;
			package = 08DE8BCC2A45389D00BF5E5A /* XCRemoteSwiftPackageReference "lottie-ios" */;
			productName = Lottie;
		};
/* End XCSwiftPackageProductDependency section */
	};
	rootObject = F378ECAF2A2F710700FE9584 /* Project object */;
}
